PODS:
  - Alamofire (4.8.2)
  - Charts (3.3.0):
    - Charts/Core (= 3.3.0)
  - Charts/Core (3.3.0)
  - DNSPageView (1.1.6)
  - HandyJSON (5.0.0-beta)
  - SnapKit (4.2.0)
  - SQLite.swift (0.12.2):
    - SQLite.swift/standard (= 0.12.2)
  - SQLite.swift/standard (0.12.2)
  - SwiftDate (6.0.3)

DEPENDENCIES:
  - Alamofire
  - Charts
  - DNSPageView
  - HandyJSON (= 5.0.0-beta)
  - SnapKit
  - SQLite.swift
  - SwiftDate

SPEC REPOS:
  https://github.com/cocoapods/specs.git:
    - Alamofire
    - Charts
    - DNSPageView
    - HandyJSON
    - SnapKit
    - SQLite.swift
    - SwiftDate

SPEC CHECKSUMS:
  Alamofire: ae5c501addb7afdbb13687d7f2f722c78734c2d3
  Charts: e0dd4cd8f257bccf98407b58183ddca8e8d5b578
  DNSPageView: df84b178394ddf4a73b2d19baf4deb24b4a4ba33
  HandyJSON: b84ac9904050a0897a0802092b7cb8808e0a4e9a
  SnapKit: fe8a619752f3f27075cc9a90244d75c6c3f27e2a
  SQLite.swift: d2b4642190917051ce6bd1d49aab565fe794eea3
  SwiftDate: 8d4f14bf1ef68e95094511504856547bf9e3e1a6

PODFILE CHECKSUM: f9616b0cad3a5b1c9e712bd927b791bf457e6e48

COCOAPODS: 1.7.0
