PODS:
  - Alamofire (4.8.2)
  - Charts (3.3.0):
    - Charts/Core (= 3.3.0)
  - Charts/Core (3.3.0)
  - DNSPageView (1.1.6)
  - HandyJSON (5.0.0-beta)
  - SnapKit (4.2.0)
  - SwiftyMenu (0.5.2):
    - SnapKit (~> 4.2.0)

DEPENDENCIES:
  - Alamofire
  - Charts
  - DNSPageView
  - HandyJSON (= 5.0.0-beta)
  - SnapKit
  - SwiftyMenu

SPEC REPOS:
  https://github.com/cocoapods/specs.git:
    - Alamofire
    - Charts
    - DNSPageView
    - HandyJSON
    - SnapKit
    - SwiftyMenu

SPEC CHECKSUMS:
  Alamofire: ae5c501addb7afdbb13687d7f2f722c78734c2d3
  Charts: e0dd4cd8f257bccf98407b58183ddca8e8d5b578
  DNSPageView: df84b178394ddf4a73b2d19baf4deb24b4a4ba33
  HandyJSON: b84ac9904050a0897a0802092b7cb8808e0a4e9a
  SnapKit: fe8a619752f3f27075cc9a90244d75c6c3f27e2a
  SwiftyMenu: 08629689d5ce5228365c377394135ca0ef47decb

PODFILE CHECKSUM: 5e37c7a2880aabc2b0926511316dc24508b9b57a

COCOAPODS: 1.7.0
