// !$*UTF8*$!
{
	archiveVersion = 1;
	classes = {
	};
	objectVersion = 51;
	objects = {

/* Begin PBXBuildFile section */
		8441E12622EF106A005A4EBC /* AJMineHeaderView.swift in Sources */ = {isa = PBXBuildFile; fileRef = 8441E12522EF106A005A4EBC /* AJMineHeaderView.swift */; };
		845BBA9922F2940500CAEFCC /* AJMineTableView.swift in Sources */ = {isa = PBXBuildFile; fileRef = 845BBA9822F2940500CAEFCC /* AJMineTableView.swift */; };
		846D6BFA22E14D79006287B8 /* AppDelegate.swift in Sources */ = {isa = PBXBuildFile; fileRef = 846D6BF922E14D79006287B8 /* AppDelegate.swift */; };
		846D6BFC22E14D79006287B8 /* ViewController.swift in Sources */ = {isa = PBXBuildFile; fileRef = 846D6BFB22E14D79006287B8 /* ViewController.swift */; };
		846D6BFF22E14D79006287B8 /* Main.storyboard in Resources */ = {isa = PBXBuildFile; fileRef = 846D6BFD22E14D79006287B8 /* Main.storyboard */; };
		846D6C0122E14D89006287B8 /* Assets.xcassets in Resources */ = {isa = PBXBuildFile; fileRef = 846D6C0022E14D89006287B8 /* Assets.xcassets */; };
		846D6C0422E14D89006287B8 /* LaunchScreen.storyboard in Resources */ = {isa = PBXBuildFile; fileRef = 846D6C0222E14D89006287B8 /* LaunchScreen.storyboard */; };
		846D6C0F22E151B8006287B8 /* AJNavigationController.swift in Sources */ = {isa = PBXBuildFile; fileRef = 846D6C0E22E151B8006287B8 /* AJNavigationController.swift */; };
		846D6C1122E15276006287B8 /* const.swift in Sources */ = {isa = PBXBuildFile; fileRef = 846D6C1022E15276006287B8 /* const.swift */; };
		846D6C1622E16139006287B8 /* AJTabbarController.swift in Sources */ = {isa = PBXBuildFile; fileRef = 846D6C1522E16139006287B8 /* AJTabbarController.swift */; };
		846D6C2422E161FB006287B8 /* HomeViewController.swift in Sources */ = {isa = PBXBuildFile; fileRef = 846D6C2322E161FB006287B8 /* HomeViewController.swift */; };
		846D6C2622E1621C006287B8 /* DataViewController.swift in Sources */ = {isa = PBXBuildFile; fileRef = 846D6C2522E1621C006287B8 /* DataViewController.swift */; };
		846D6C2822E1622B006287B8 /* InsertViewController.swift in Sources */ = {isa = PBXBuildFile; fileRef = 846D6C2722E1622B006287B8 /* InsertViewController.swift */; };
		846D6C2A22E1623C006287B8 /* MineViewController.swift in Sources */ = {isa = PBXBuildFile; fileRef = 846D6C2922E1623C006287B8 /* MineViewController.swift */; };
		846D6C2C22E16463006287B8 /* AJGuidePageView.swift in Sources */ = {isa = PBXBuildFile; fileRef = 846D6C2B22E16463006287B8 /* AJGuidePageView.swift */; };
		846D6C3022E19BD2006287B8 /* ChartView.swift in Sources */ = {isa = PBXBuildFile; fileRef = 846D6C2F22E19BD2006287B8 /* ChartView.swift */; };
		846D6C3222E19C17006287B8 /* StatisticalDataView.swift in Sources */ = {isa = PBXBuildFile; fileRef = 846D6C3122E19C17006287B8 /* StatisticalDataView.swift */; };
		846D6C3422E19CA3006287B8 /* DataTableView.swift in Sources */ = {isa = PBXBuildFile; fileRef = 846D6C3322E19CA3006287B8 /* DataTableView.swift */; };
		846D6C3622E19CC0006287B8 /* SharedView.swift in Sources */ = {isa = PBXBuildFile; fileRef = 846D6C3522E19CC0006287B8 /* SharedView.swift */; };
		846D6C3822E1A648006287B8 /* ChartViewController.swift in Sources */ = {isa = PBXBuildFile; fileRef = 846D6C3722E1A648006287B8 /* ChartViewController.swift */; };
		846D6C3A22E1A66B006287B8 /* StatisticalDataViewController.swift in Sources */ = {isa = PBXBuildFile; fileRef = 846D6C3922E1A66B006287B8 /* StatisticalDataViewController.swift */; };
		846D6C3C22E1A67D006287B8 /* DataTableViewController.swift in Sources */ = {isa = PBXBuildFile; fileRef = 846D6C3B22E1A67D006287B8 /* DataTableViewController.swift */; };
		846D6C3E22E1A693006287B8 /* SharedViewController.swift in Sources */ = {isa = PBXBuildFile; fileRef = 846D6C3D22E1A693006287B8 /* SharedViewController.swift */; };
		846D6C4022E56123006287B8 /* StatisticDate.swift in Sources */ = {isa = PBXBuildFile; fileRef = 846D6C3F22E56123006287B8 /* StatisticDate.swift */; };
		846D6C4322E56618006287B8 /* averageView.swift in Sources */ = {isa = PBXBuildFile; fileRef = 846D6C4222E56618006287B8 /* averageView.swift */; };
		846D6C4522E56635006287B8 /* totalCheckView.swift in Sources */ = {isa = PBXBuildFile; fileRef = 846D6C4422E56635006287B8 /* totalCheckView.swift */; };
		846D6C4722E59359006287B8 /* perAndAfterMealTests.swift in Sources */ = {isa = PBXBuildFile; fileRef = 846D6C4622E59359006287B8 /* perAndAfterMealTests.swift */; };
		846D6C5022EEDA34006287B8 /* pickerView.swift in Sources */ = {isa = PBXBuildFile; fileRef = 846D6C4F22EEDA34006287B8 /* pickerView.swift */; };
		C51C8BD65C07AB3DB20DF1D9 /* Pods_AIJian.framework in Frameworks */ = {isa = PBXBuildFile; fileRef = DB88905D4BA97B5422D8CCA1 /* Pods_AIJian.framework */; };
/* End PBXBuildFile section */

/* Begin PBXFileReference section */
		8441E12522EF106A005A4EBC /* AJMineHeaderView.swift */ = {isa = PBXFileReference; fileEncoding = 4; lastKnownFileType = sourcecode.swift; path = AJMineHeaderView.swift; sourceTree = "<group>"; };
		845BBA9822F2940500CAEFCC /* AJMineTableView.swift */ = {isa = PBXFileReference; lastKnownFileType = sourcecode.swift; path = AJMineTableView.swift; sourceTree = "<group>"; };
		846D6BF622E14D79006287B8 /* AIJian.app */ = {isa = PBXFileReference; explicitFileType = wrapper.application; includeInIndex = 0; path = AIJian.app; sourceTree = BUILT_PRODUCTS_DIR; };
		846D6BF922E14D79006287B8 /* AppDelegate.swift */ = {isa = PBXFileReference; lastKnownFileType = sourcecode.swift; path = AppDelegate.swift; sourceTree = "<group>"; };
		846D6BFB22E14D79006287B8 /* ViewController.swift */ = {isa = PBXFileReference; lastKnownFileType = sourcecode.swift; path = ViewController.swift; sourceTree = "<group>"; };
		846D6BFE22E14D79006287B8 /* Base */ = {isa = PBXFileReference; lastKnownFileType = file.storyboard; name = Base; path = Base.lproj/Main.storyboard; sourceTree = "<group>"; };
		846D6C0022E14D89006287B8 /* Assets.xcassets */ = {isa = PBXFileReference; lastKnownFileType = folder.assetcatalog; path = Assets.xcassets; sourceTree = "<group>"; };
		846D6C0322E14D89006287B8 /* Base */ = {isa = PBXFileReference; lastKnownFileType = file.storyboard; name = Base; path = Base.lproj/LaunchScreen.storyboard; sourceTree = "<group>"; };
		846D6C0522E14D89006287B8 /* Info.plist */ = {isa = PBXFileReference; lastKnownFileType = text.plist.xml; path = Info.plist; sourceTree = "<group>"; };
		846D6C0E22E151B8006287B8 /* AJNavigationController.swift */ = {isa = PBXFileReference; lastKnownFileType = sourcecode.swift; path = AJNavigationController.swift; sourceTree = "<group>"; };
		846D6C1022E15276006287B8 /* const.swift */ = {isa = PBXFileReference; lastKnownFileType = sourcecode.swift; path = const.swift; sourceTree = "<group>"; };
		846D6C1522E16139006287B8 /* AJTabbarController.swift */ = {isa = PBXFileReference; lastKnownFileType = sourcecode.swift; path = AJTabbarController.swift; sourceTree = "<group>"; };
		846D6C2322E161FB006287B8 /* HomeViewController.swift */ = {isa = PBXFileReference; lastKnownFileType = sourcecode.swift; path = HomeViewController.swift; sourceTree = "<group>"; };
		846D6C2522E1621C006287B8 /* DataViewController.swift */ = {isa = PBXFileReference; lastKnownFileType = sourcecode.swift; path = DataViewController.swift; sourceTree = "<group>"; };
		846D6C2722E1622B006287B8 /* InsertViewController.swift */ = {isa = PBXFileReference; lastKnownFileType = sourcecode.swift; path = InsertViewController.swift; sourceTree = "<group>"; };
		846D6C2922E1623C006287B8 /* MineViewController.swift */ = {isa = PBXFileReference; lastKnownFileType = sourcecode.swift; path = MineViewController.swift; sourceTree = "<group>"; };
		846D6C2B22E16463006287B8 /* AJGuidePageView.swift */ = {isa = PBXFileReference; fileEncoding = 4; lastKnownFileType = sourcecode.swift; path = AJGuidePageView.swift; sourceTree = "<group>"; };
		846D6C2F22E19BD2006287B8 /* ChartView.swift */ = {isa = PBXFileReference; lastKnownFileType = sourcecode.swift; path = ChartView.swift; sourceTree = "<group>"; };
		846D6C3122E19C17006287B8 /* StatisticalDataView.swift */ = {isa = PBXFileReference; lastKnownFileType = sourcecode.swift; path = StatisticalDataView.swift; sourceTree = "<group>"; };
		846D6C3322E19CA3006287B8 /* DataTableView.swift */ = {isa = PBXFileReference; lastKnownFileType = sourcecode.swift; path = DataTableView.swift; sourceTree = "<group>"; };
		846D6C3522E19CC0006287B8 /* SharedView.swift */ = {isa = PBXFileReference; lastKnownFileType = sourcecode.swift; path = SharedView.swift; sourceTree = "<group>"; };
		846D6C3722E1A648006287B8 /* ChartViewController.swift */ = {isa = PBXFileReference; lastKnownFileType = sourcecode.swift; path = ChartViewController.swift; sourceTree = "<group>"; };
		846D6C3922E1A66B006287B8 /* StatisticalDataViewController.swift */ = {isa = PBXFileReference; lastKnownFileType = sourcecode.swift; path = StatisticalDataViewController.swift; sourceTree = "<group>"; };
		846D6C3B22E1A67D006287B8 /* DataTableViewController.swift */ = {isa = PBXFileReference; lastKnownFileType = sourcecode.swift; path = DataTableViewController.swift; sourceTree = "<group>"; };
		846D6C3D22E1A693006287B8 /* SharedViewController.swift */ = {isa = PBXFileReference; lastKnownFileType = sourcecode.swift; path = SharedViewController.swift; sourceTree = "<group>"; };
		846D6C3F22E56123006287B8 /* StatisticDate.swift */ = {isa = PBXFileReference; lastKnownFileType = sourcecode.swift; path = StatisticDate.swift; sourceTree = "<group>"; };
		846D6C4222E56618006287B8 /* averageView.swift */ = {isa = PBXFileReference; lastKnownFileType = sourcecode.swift; path = averageView.swift; sourceTree = "<group>"; };
		846D6C4422E56635006287B8 /* totalCheckView.swift */ = {isa = PBXFileReference; lastKnownFileType = sourcecode.swift; path = totalCheckView.swift; sourceTree = "<group>"; };
		846D6C4622E59359006287B8 /* perAndAfterMealTests.swift */ = {isa = PBXFileReference; lastKnownFileType = sourcecode.swift; path = perAndAfterMealTests.swift; sourceTree = "<group>"; };
		846D6C4F22EEDA34006287B8 /* pickerView.swift */ = {isa = PBXFileReference; lastKnownFileType = sourcecode.swift; path = pickerView.swift; sourceTree = "<group>"; };
		A92ED38E7290A71018D96804 /* Pods-AIJian.debug.xcconfig */ = {isa = PBXFileReference; includeInIndex = 1; lastKnownFileType = text.xcconfig; name = "Pods-AIJian.debug.xcconfig"; path = "Target Support Files/Pods-AIJian/Pods-AIJian.debug.xcconfig"; sourceTree = "<group>"; };
		B70B834D750B5B24AF91DBA1 /* Pods-AIJian.release.xcconfig */ = {isa = PBXFileReference; includeInIndex = 1; lastKnownFileType = text.xcconfig; name = "Pods-AIJian.release.xcconfig"; path = "Target Support Files/Pods-AIJian/Pods-AIJian.release.xcconfig"; sourceTree = "<group>"; };
		DB88905D4BA97B5422D8CCA1 /* Pods_AIJian.framework */ = {isa = PBXFileReference; explicitFileType = wrapper.framework; includeInIndex = 0; path = Pods_AIJian.framework; sourceTree = BUILT_PRODUCTS_DIR; };
/* End PBXFileReference section */

/* Begin PBXFrameworksBuildPhase section */
		846D6BF322E14D79006287B8 /* Frameworks */ = {
			isa = PBXFrameworksBuildPhase;
			buildActionMask = 2147483647;
			files = (
				C51C8BD65C07AB3DB20DF1D9 /* Pods_AIJian.framework in Frameworks */,
			);
			runOnlyForDeploymentPostprocessing = 0;
		};
/* End PBXFrameworksBuildPhase section */

/* Begin PBXGroup section */
		30724866B8ED5FF7832D0693 /* Frameworks */ = {
			isa = PBXGroup;
			children = (
				DB88905D4BA97B5422D8CCA1 /* Pods_AIJian.framework */,
			);
			name = Frameworks;
			sourceTree = "<group>";
		};
		846D6BED22E14D79006287B8 = {
			isa = PBXGroup;
			children = (
				846D6BF822E14D79006287B8 /* AIJian */,
				846D6BF722E14D79006287B8 /* Products */,
				B462FAF8CB1B4050B4E32345 /* Pods */,
				30724866B8ED5FF7832D0693 /* Frameworks */,
			);
			sourceTree = "<group>";
		};
		846D6BF722E14D79006287B8 /* Products */ = {
			isa = PBXGroup;
			children = (
				846D6BF622E14D79006287B8 /* AIJian.app */,
			);
			name = Products;
			sourceTree = "<group>";
		};
		846D6BF822E14D79006287B8 /* AIJian */ = {
			isa = PBXGroup;
			children = (
				846D6BF922E14D79006287B8 /* AppDelegate.swift */,
				846D6BFD22E14D79006287B8 /* Main.storyboard */,
				846D6BFB22E14D79006287B8 /* ViewController.swift */,
				846D6C1022E15276006287B8 /* const.swift */,
				846D6C0C22E15108006287B8 /* Main */,
				846D6C0022E14D89006287B8 /* Assets.xcassets */,
				846D6C0222E14D89006287B8 /* LaunchScreen.storyboard */,
				846D6C0522E14D89006287B8 /* Info.plist */,
			);
			path = AIJian;
			sourceTree = "<group>";
		};
		846D6C0C22E15108006287B8 /* Main */ = {
			isa = PBXGroup;
			children = (
				846D6C2B22E16463006287B8 /* AJGuidePageView.swift */,
				846D6C0E22E151B8006287B8 /* AJNavigationController.swift */,
				846D6C1522E16139006287B8 /* AJTabbarController.swift */,
				846D6C1422E1601C006287B8 /* Home */,
				846D6C1322E16007006287B8 /* Data */,
				846D6C1222E15FE9006287B8 /* Insert */,
				846D6C0D22E15123006287B8 /* Mine */,
			);
			path = Main;
			sourceTree = "<group>";
		};
		846D6C0D22E15123006287B8 /* Mine */ = {
			isa = PBXGroup;
			children = (
				846D6C2222E161DC006287B8 /* Model */,
				846D6C1E22E161AC006287B8 /* View */,
				846D6C1D22E161A5006287B8 /* ViewController */,
			);
			path = Mine;
			sourceTree = "<group>";
		};
		846D6C1222E15FE9006287B8 /* Insert */ = {
			isa = PBXGroup;
			children = (
				846D6C2122E161D5006287B8 /* Model */,
				846D6C1C22E1619F006287B8 /* View */,
				846D6C1B22E16192006287B8 /* ViewController */,
			);
			path = Insert;
			sourceTree = "<group>";
		};
		846D6C1322E16007006287B8 /* Data */ = {
			isa = PBXGroup;
			children = (
				846D6C2022E161CD006287B8 /* Model */,
				846D6C1A22E16185006287B8 /* View */,
				846D6C1922E1617C006287B8 /* ViewController */,
			);
			path = Data;
			sourceTree = "<group>";
		};
		846D6C1422E1601C006287B8 /* Home */ = {
			isa = PBXGroup;
			children = (
				846D6C1F22E161C2006287B8 /* Model */,
				846D6C1722E1615A006287B8 /* View */,
				846D6C1822E16169006287B8 /* ViewController */,
			);
			path = Home;
			sourceTree = "<group>";
		};
		846D6C1722E1615A006287B8 /* View */ = {
			isa = PBXGroup;
			children = (
			);
			path = View;
			sourceTree = "<group>";
		};
		846D6C1822E16169006287B8 /* ViewController */ = {
			isa = PBXGroup;
			children = (
				846D6C2322E161FB006287B8 /* HomeViewController.swift */,
			);
			path = ViewController;
			sourceTree = "<group>";
		};
		846D6C1922E1617C006287B8 /* ViewController */ = {
			isa = PBXGroup;
			children = (
				846D6C2522E1621C006287B8 /* DataViewController.swift */,
				846D6C3722E1A648006287B8 /* ChartViewController.swift */,
				846D6C3922E1A66B006287B8 /* StatisticalDataViewController.swift */,
				846D6C3B22E1A67D006287B8 /* DataTableViewController.swift */,
				846D6C3D22E1A693006287B8 /* SharedViewController.swift */,
			);
			path = ViewController;
			sourceTree = "<group>";
		};
		846D6C1A22E16185006287B8 /* View */ = {
			isa = PBXGroup;
			children = (
				846D6C4E22EED9ED006287B8 /* share */,
				846D6C4822E5DE43006287B8 /* Table */,
				846D6C4122E565C4006287B8 /* StatisticalData */,
				846D6C2F22E19BD2006287B8 /* ChartView.swift */,
			);
			path = View;
			sourceTree = "<group>";
		};
		846D6C1B22E16192006287B8 /* ViewController */ = {
			isa = PBXGroup;
			children = (
				846D6C2722E1622B006287B8 /* InsertViewController.swift */,
			);
			path = ViewController;
			sourceTree = "<group>";
		};
		846D6C1C22E1619F006287B8 /* View */ = {
			isa = PBXGroup;
			children = (
			);
			path = View;
			sourceTree = "<group>";
		};
		846D6C1D22E161A5006287B8 /* ViewController */ = {
			isa = PBXGroup;
			children = (
				846D6C2922E1623C006287B8 /* MineViewController.swift */,
			);
			path = ViewController;
			sourceTree = "<group>";
		};
		846D6C1E22E161AC006287B8 /* View */ = {
			isa = PBXGroup;
			children = (


				8403B04322E5517C008E8612 /* AJMineHeaderView.swift */,

				846D6C2D22E189EF006287B8 /* headerView.swift */,


				8441E12522EF106A005A4EBC /* AJMineHeaderView.swift */,
				845BBA9822F2940500CAEFCC /* AJMineTableView.swift */,
				846D6C2D22E189EF006287B8 /* headerView.swift */,

			);
			path = View;
			sourceTree = "<group>";
		};
		846D6C1F22E161C2006287B8 /* Model */ = {
			isa = PBXGroup;
			children = (
			);
			path = Model;
			sourceTree = "<group>";
		};
		846D6C2022E161CD006287B8 /* Model */ = {
			isa = PBXGroup;
			children = (
				846D6C3F22E56123006287B8 /* StatisticDate.swift */,
			);
			path = Model;
			sourceTree = "<group>";
		};
		846D6C2122E161D5006287B8 /* Model */ = {
			isa = PBXGroup;
			children = (
			);
			path = Model;
			sourceTree = "<group>";
		};
		846D6C2222E161DC006287B8 /* Model */ = {
			isa = PBXGroup;
			children = (
			);
			path = Model;
			sourceTree = "<group>";
		};
		846D6C4122E565C4006287B8 /* StatisticalData */ = {
			isa = PBXGroup;
			children = (
				846D6C3122E19C17006287B8 /* StatisticalDataView.swift */,
				846D6C4222E56618006287B8 /* averageView.swift */,
				846D6C4422E56635006287B8 /* totalCheckView.swift */,
				846D6C4622E59359006287B8 /* perAndAfterMealTests.swift */,
			);
			path = StatisticalData;
			sourceTree = "<group>";
		};
		846D6C4822E5DE43006287B8 /* Table */ = {
			isa = PBXGroup;
			children = (
				846D6C3322E19CA3006287B8 /* DataTableView.swift */,
			);
			name = Table;
			path = Table.temp_caseinsensitive_rename.;
			sourceTree = "<group>";
		};
		846D6C4E22EED9ED006287B8 /* share */ = {
			isa = PBXGroup;
			children = (
				846D6C3522E19CC0006287B8 /* SharedView.swift */,
				846D6C4F22EEDA34006287B8 /* pickerView.swift */,
			);
			path = share;
			sourceTree = "<group>";
		};
		B462FAF8CB1B4050B4E32345 /* Pods */ = {
			isa = PBXGroup;
			children = (
				A92ED38E7290A71018D96804 /* Pods-AIJian.debug.xcconfig */,
				B70B834D750B5B24AF91DBA1 /* Pods-AIJian.release.xcconfig */,
			);
			path = Pods;
			sourceTree = "<group>";
		};
/* End PBXGroup section */

/* Begin PBXNativeTarget section */
		846D6BF522E14D79006287B8 /* AIJian */ = {
			isa = PBXNativeTarget;
			buildConfigurationList = 846D6C0822E14D89006287B8 /* Build configuration list for PBXNativeTarget "AIJian" */;
			buildPhases = (
				702AD3321016060F48BDA926 /* [CP] Check Pods Manifest.lock */,
				846D6BF222E14D79006287B8 /* Sources */,
				846D6BF322E14D79006287B8 /* Frameworks */,
				846D6BF422E14D79006287B8 /* Resources */,
				3D86F823E92CFB86F7D0E2C8 /* [CP] Embed Pods Frameworks */,
			);
			buildRules = (
			);
			dependencies = (
			);
			name = AIJian;
			productName = AIJian;
			productReference = 846D6BF622E14D79006287B8 /* AIJian.app */;
			productType = "com.apple.product-type.application";
		};
/* End PBXNativeTarget section */

/* Begin PBXProject section */
		846D6BEE22E14D79006287B8 /* Project object */ = {
			isa = PBXProject;
			attributes = {
				LastSwiftUpdateCheck = 1020;
				LastUpgradeCheck = 1020;
				ORGANIZATIONNAME = apple;
				TargetAttributes = {
					846D6BF522E14D79006287B8 = {
						CreatedOnToolsVersion = 10.2.1;
					};
				};
			};
			buildConfigurationList = 846D6BF122E14D79006287B8 /* Build configuration list for PBXProject "AIJian" */;
			compatibilityVersion = "Xcode 9.3";
			developmentRegion = en;
			hasScannedForEncodings = 0;
			knownRegions = (
				en,
				Base,
			);
			mainGroup = 846D6BED22E14D79006287B8;
			productRefGroup = 846D6BF722E14D79006287B8 /* Products */;
			projectDirPath = "";
			projectRoot = "";
			targets = (
				846D6BF522E14D79006287B8 /* AIJian */,
			);
		};
/* End PBXProject section */

/* Begin PBXResourcesBuildPhase section */
		846D6BF422E14D79006287B8 /* Resources */ = {
			isa = PBXResourcesBuildPhase;
			buildActionMask = 2147483647;
			files = (
				846D6C0422E14D89006287B8 /* LaunchScreen.storyboard in Resources */,
				846D6C0122E14D89006287B8 /* Assets.xcassets in Resources */,
				846D6BFF22E14D79006287B8 /* Main.storyboard in Resources */,
			);
			runOnlyForDeploymentPostprocessing = 0;
		};
/* End PBXResourcesBuildPhase section */

/* Begin PBXShellScriptBuildPhase section */
		3D86F823E92CFB86F7D0E2C8 /* [CP] Embed Pods Frameworks */ = {
			isa = PBXShellScriptBuildPhase;
			buildActionMask = 2147483647;
			files = (
			);
			inputFileListPaths = (
				"${PODS_ROOT}/Target Support Files/Pods-AIJian/Pods-AIJian-frameworks-${CONFIGURATION}-input-files.xcfilelist",
			);
			name = "[CP] Embed Pods Frameworks";
			outputFileListPaths = (
				"${PODS_ROOT}/Target Support Files/Pods-AIJian/Pods-AIJian-frameworks-${CONFIGURATION}-output-files.xcfilelist",
			);
			runOnlyForDeploymentPostprocessing = 0;
			shellPath = /bin/sh;
			shellScript = "\"${PODS_ROOT}/Target Support Files/Pods-AIJian/Pods-AIJian-frameworks.sh\"\n";
			showEnvVarsInLog = 0;
		};
		702AD3321016060F48BDA926 /* [CP] Check Pods Manifest.lock */ = {
			isa = PBXShellScriptBuildPhase;
			buildActionMask = 2147483647;
			files = (
			);
			inputFileListPaths = (
			);
			inputPaths = (
				"${PODS_PODFILE_DIR_PATH}/Podfile.lock",
				"${PODS_ROOT}/Manifest.lock",
			);
			name = "[CP] Check Pods Manifest.lock";
			outputFileListPaths = (
			);
			outputPaths = (
				"$(DERIVED_FILE_DIR)/Pods-AIJian-checkManifestLockResult.txt",
			);
			runOnlyForDeploymentPostprocessing = 0;
			shellPath = /bin/sh;
			shellScript = "diff \"${PODS_PODFILE_DIR_PATH}/Podfile.lock\" \"${PODS_ROOT}/Manifest.lock\" > /dev/null\nif [ $? != 0 ] ; then\n    # print error to STDERR\n    echo \"error: The sandbox is not in sync with the Podfile.lock. Run 'pod install' or update your CocoaPods installation.\" >&2\n    exit 1\nfi\n# This output is used by Xcode 'outputs' to avoid re-running this script phase.\necho \"SUCCESS\" > \"${SCRIPT_OUTPUT_FILE_0}\"\n";
			showEnvVarsInLog = 0;
		};
/* End PBXShellScriptBuildPhase section */

/* Begin PBXSourcesBuildPhase section */
		846D6BF222E14D79006287B8 /* Sources */ = {
			isa = PBXSourcesBuildPhase;
			buildActionMask = 2147483647;
			files = (
				846D6C3622E19CC0006287B8 /* SharedView.swift in Sources */,
				846D6C4522E56635006287B8 /* totalCheckView.swift in Sources */,
				846D6C3C22E1A67D006287B8 /* DataTableViewController.swift in Sources */,
				846D6BFC22E14D79006287B8 /* ViewController.swift in Sources */,
				846D6C2822E1622B006287B8 /* InsertViewController.swift in Sources */,
				846D6C3422E19CA3006287B8 /* DataTableView.swift in Sources */,
				846D6C3822E1A648006287B8 /* ChartViewController.swift in Sources */,
				846D6C2A22E1623C006287B8 /* MineViewController.swift in Sources */,
				846D6C2622E1621C006287B8 /* DataViewController.swift in Sources */,
				845BBA9922F2940500CAEFCC /* AJMineTableView.swift in Sources */,
				846D6C1122E15276006287B8 /* const.swift in Sources */,
				846D6C2C22E16463006287B8 /* AJGuidePageView.swift in Sources */,
				846D6C5022EEDA34006287B8 /* pickerView.swift in Sources */,
				846D6C4722E59359006287B8 /* perAndAfterMealTests.swift in Sources */,
				846D6C0F22E151B8006287B8 /* AJNavigationController.swift in Sources */,
				846D6C4022E56123006287B8 /* StatisticDate.swift in Sources */,
				8441E12622EF106A005A4EBC /* AJMineHeaderView.swift in Sources */,
				846D6C4322E56618006287B8 /* averageView.swift in Sources */,
				846D6C3222E19C17006287B8 /* StatisticalDataView.swift in Sources */,
				846D6C1622E16139006287B8 /* AJTabbarController.swift in Sources */,


				8403B04422E5517C008E8612 /* AJMineHeaderView.swift in Sources */,

				846D6C3A22E1A66B006287B8 /* StatisticalDataViewController.swift in Sources */,
				846D6C3E22E1A693006287B8 /* SharedViewController.swift in Sources */,


				846D6C3A22E1A66B006287B8 /* StatisticalDataViewController.swift in Sources */,
				846D6C3E22E1A693006287B8 /* SharedViewController.swift in Sources */,

				846D6BFA22E14D79006287B8 /* AppDelegate.swift in Sources */,
				846D6C2422E161FB006287B8 /* HomeViewController.swift in Sources */,
				846D6C3022E19BD2006287B8 /* ChartView.swift in Sources */,
			);
			runOnlyForDeploymentPostprocessing = 0;
		};
/* End PBXSourcesBuildPhase section */

/* Begin PBXVariantGroup section */
		846D6BFD22E14D79006287B8 /* Main.storyboard */ = {
			isa = PBXVariantGroup;
			children = (
				846D6BFE22E14D79006287B8 /* Base */,
			);
			name = Main.storyboard;
			sourceTree = "<group>";
		};
		846D6C0222E14D89006287B8 /* LaunchScreen.storyboard */ = {
			isa = PBXVariantGroup;
			children = (
				846D6C0322E14D89006287B8 /* Base */,
			);
			name = LaunchScreen.storyboard;
			sourceTree = "<group>";
		};
/* End PBXVariantGroup section */

/* Begin XCBuildConfiguration section */
		846D6C0622E14D89006287B8 /* Debug */ = {
			isa = XCBuildConfiguration;
			buildSettings = {
				ALWAYS_SEARCH_USER_PATHS = NO;
				CLANG_ANALYZER_NONNULL = YES;
				CLANG_ANALYZER_NUMBER_OBJECT_CONVERSION = YES_AGGRESSIVE;
				CLANG_CXX_LANGUAGE_STANDARD = "gnu++14";
				CLANG_CXX_LIBRARY = "libc++";
				CLANG_ENABLE_MODULES = YES;
				CLANG_ENABLE_OBJC_ARC = YES;
				CLANG_ENABLE_OBJC_WEAK = YES;
				CLANG_WARN_BLOCK_CAPTURE_AUTORELEASING = YES;
				CLANG_WARN_BOOL_CONVERSION = YES;
				CLANG_WARN_COMMA = YES;
				CLANG_WARN_CONSTANT_CONVERSION = YES;
				CLANG_WARN_DEPRECATED_OBJC_IMPLEMENTATIONS = YES;
				CLANG_WARN_DIRECT_OBJC_ISA_USAGE = YES_ERROR;
				CLANG_WARN_DOCUMENTATION_COMMENTS = YES;
				CLANG_WARN_EMPTY_BODY = YES;
				CLANG_WARN_ENUM_CONVERSION = YES;
				CLANG_WARN_INFINITE_RECURSION = YES;
				CLANG_WARN_INT_CONVERSION = YES;
				CLANG_WARN_NON_LITERAL_NULL_CONVERSION = YES;
				CLANG_WARN_OBJC_IMPLICIT_RETAIN_SELF = YES;
				CLANG_WARN_OBJC_LITERAL_CONVERSION = YES;
				CLANG_WARN_OBJC_ROOT_CLASS = YES_ERROR;
				CLANG_WARN_RANGE_LOOP_ANALYSIS = YES;
				CLANG_WARN_STRICT_PROTOTYPES = YES;
				CLANG_WARN_SUSPICIOUS_MOVE = YES;
				CLANG_WARN_UNGUARDED_AVAILABILITY = YES_AGGRESSIVE;
				CLANG_WARN_UNREACHABLE_CODE = YES;
				CLANG_WARN__DUPLICATE_METHOD_MATCH = YES;
				CODE_SIGN_IDENTITY = "iPhone Developer";
				COPY_PHASE_STRIP = NO;
				DEBUG_INFORMATION_FORMAT = dwarf;
				ENABLE_STRICT_OBJC_MSGSEND = YES;
				ENABLE_TESTABILITY = YES;
				GCC_C_LANGUAGE_STANDARD = gnu11;
				GCC_DYNAMIC_NO_PIC = NO;
				GCC_NO_COMMON_BLOCKS = YES;
				GCC_OPTIMIZATION_LEVEL = 0;
				GCC_PREPROCESSOR_DEFINITIONS = (
					"DEBUG=1",
					"$(inherited)",
				);
				GCC_WARN_64_TO_32_BIT_CONVERSION = YES;
				GCC_WARN_ABOUT_RETURN_TYPE = YES_ERROR;
				GCC_WARN_UNDECLARED_SELECTOR = YES;
				GCC_WARN_UNINITIALIZED_AUTOS = YES_AGGRESSIVE;
				GCC_WARN_UNUSED_FUNCTION = YES;
				GCC_WARN_UNUSED_VARIABLE = YES;
				IPHONEOS_DEPLOYMENT_TARGET = 12.2;
				MTL_ENABLE_DEBUG_INFO = INCLUDE_SOURCE;
				MTL_FAST_MATH = YES;
				ONLY_ACTIVE_ARCH = YES;
				SDKROOT = iphoneos;
				SWIFT_ACTIVE_COMPILATION_CONDITIONS = DEBUG;
				SWIFT_OPTIMIZATION_LEVEL = "-Onone";
			};
			name = Debug;
		};
		846D6C0722E14D89006287B8 /* Release */ = {
			isa = XCBuildConfiguration;
			buildSettings = {
				ALWAYS_SEARCH_USER_PATHS = NO;
				CLANG_ANALYZER_NONNULL = YES;
				CLANG_ANALYZER_NUMBER_OBJECT_CONVERSION = YES_AGGRESSIVE;
				CLANG_CXX_LANGUAGE_STANDARD = "gnu++14";
				CLANG_CXX_LIBRARY = "libc++";
				CLANG_ENABLE_MODULES = YES;
				CLANG_ENABLE_OBJC_ARC = YES;
				CLANG_ENABLE_OBJC_WEAK = YES;
				CLANG_WARN_BLOCK_CAPTURE_AUTORELEASING = YES;
				CLANG_WARN_BOOL_CONVERSION = YES;
				CLANG_WARN_COMMA = YES;
				CLANG_WARN_CONSTANT_CONVERSION = YES;
				CLANG_WARN_DEPRECATED_OBJC_IMPLEMENTATIONS = YES;
				CLANG_WARN_DIRECT_OBJC_ISA_USAGE = YES_ERROR;
				CLANG_WARN_DOCUMENTATION_COMMENTS = YES;
				CLANG_WARN_EMPTY_BODY = YES;
				CLANG_WARN_ENUM_CONVERSION = YES;
				CLANG_WARN_INFINITE_RECURSION = YES;
				CLANG_WARN_INT_CONVERSION = YES;
				CLANG_WARN_NON_LITERAL_NULL_CONVERSION = YES;
				CLANG_WARN_OBJC_IMPLICIT_RETAIN_SELF = YES;
				CLANG_WARN_OBJC_LITERAL_CONVERSION = YES;
				CLANG_WARN_OBJC_ROOT_CLASS = YES_ERROR;
				CLANG_WARN_RANGE_LOOP_ANALYSIS = YES;
				CLANG_WARN_STRICT_PROTOTYPES = YES;
				CLANG_WARN_SUSPICIOUS_MOVE = YES;
				CLANG_WARN_UNGUARDED_AVAILABILITY = YES_AGGRESSIVE;
				CLANG_WARN_UNREACHABLE_CODE = YES;
				CLANG_WARN__DUPLICATE_METHOD_MATCH = YES;
				CODE_SIGN_IDENTITY = "iPhone Developer";
				COPY_PHASE_STRIP = NO;
				DEBUG_INFORMATION_FORMAT = "dwarf-with-dsym";
				ENABLE_NS_ASSERTIONS = NO;
				ENABLE_STRICT_OBJC_MSGSEND = YES;
				GCC_C_LANGUAGE_STANDARD = gnu11;
				GCC_NO_COMMON_BLOCKS = YES;
				GCC_WARN_64_TO_32_BIT_CONVERSION = YES;
				GCC_WARN_ABOUT_RETURN_TYPE = YES_ERROR;
				GCC_WARN_UNDECLARED_SELECTOR = YES;
				GCC_WARN_UNINITIALIZED_AUTOS = YES_AGGRESSIVE;
				GCC_WARN_UNUSED_FUNCTION = YES;
				GCC_WARN_UNUSED_VARIABLE = YES;
				IPHONEOS_DEPLOYMENT_TARGET = 12.2;
				MTL_ENABLE_DEBUG_INFO = NO;
				MTL_FAST_MATH = YES;
				SDKROOT = iphoneos;
				SWIFT_COMPILATION_MODE = wholemodule;
				SWIFT_OPTIMIZATION_LEVEL = "-O";
				VALIDATE_PRODUCT = YES;
			};
			name = Release;
		};
		846D6C0922E14D89006287B8 /* Debug */ = {
			isa = XCBuildConfiguration;
			baseConfigurationReference = A92ED38E7290A71018D96804 /* Pods-AIJian.debug.xcconfig */;
			buildSettings = {
				ASSETCATALOG_COMPILER_APPICON_NAME = AppIcon;
				CODE_SIGN_STYLE = Automatic;
				INFOPLIST_FILE = AIJian/Info.plist;
				IPHONEOS_DEPLOYMENT_TARGET = 9.0;
				LD_RUNPATH_SEARCH_PATHS = (
					"$(inherited)",
					"@executable_path/Frameworks",
				);
				PRODUCT_BUNDLE_IDENTIFIER = annn.AIJian;
				PRODUCT_NAME = "$(TARGET_NAME)";
				SWIFT_VERSION = 4.2;
				TARGETED_DEVICE_FAMILY = "1,2";
			};
			name = Debug;
		};
		846D6C0A22E14D89006287B8 /* Release */ = {
			isa = XCBuildConfiguration;
			baseConfigurationReference = B70B834D750B5B24AF91DBA1 /* Pods-AIJian.release.xcconfig */;
			buildSettings = {
				ASSETCATALOG_COMPILER_APPICON_NAME = AppIcon;
				CODE_SIGN_STYLE = Automatic;
				INFOPLIST_FILE = AIJian/Info.plist;
				IPHONEOS_DEPLOYMENT_TARGET = 9.0;
				LD_RUNPATH_SEARCH_PATHS = (
					"$(inherited)",
					"@executable_path/Frameworks",
				);
				PRODUCT_BUNDLE_IDENTIFIER = annn.AIJian;
				PRODUCT_NAME = "$(TARGET_NAME)";
				SWIFT_VERSION = 4.2;
				TARGETED_DEVICE_FAMILY = "1,2";
			};
			name = Release;
		};
/* End XCBuildConfiguration section */

/* Begin XCConfigurationList section */
		846D6BF122E14D79006287B8 /* Build configuration list for PBXProject "AIJian" */ = {
			isa = XCConfigurationList;
			buildConfigurations = (
				846D6C0622E14D89006287B8 /* Debug */,
				846D6C0722E14D89006287B8 /* Release */,
			);
			defaultConfigurationIsVisible = 0;
			defaultConfigurationName = Release;
		};
		846D6C0822E14D89006287B8 /* Build configuration list for PBXNativeTarget "AIJian" */ = {
			isa = XCConfigurationList;
			buildConfigurations = (
				846D6C0922E14D89006287B8 /* Debug */,
				846D6C0A22E14D89006287B8 /* Release */,
			);
			defaultConfigurationIsVisible = 0;
			defaultConfigurationName = Release;
		};
/* End XCConfigurationList section */
	};
	rootObject = 846D6BEE22E14D79006287B8 /* Project object */;
}
