// !$*UTF8*$!
{
	archiveVersion = 1;
	classes = {
	};
	objectVersion = 51;
	objects = {

/* Begin PBXBuildFile section */
		003263799B683595EE9B154587776A9E /* AJGuidePageView.swift in Sources */ = {isa = PBXBuildFile; fileRef = E7D6B7CCDE92018CDCC88D28D843A752 /* AJGuidePageView.swift */; };
		01AD16706B471DE7CFDCBBC976B8EF66 /* dateRangePickerView.swift in Sources */ = {isa = PBXBuildFile; fileRef = 3DD4A500110CCA25E61A95066330D220 /* dateRangePickerView.swift */; };
		09707B54A814D80AF262F18C171FC530 /* InsulinType.swift in Sources */ = {isa = PBXBuildFile; fileRef = 8AB8DBFCEA7297369A51108D4F1C5D91 /* InsulinType.swift */; };
		0C071CF1378E0EEF78ED9B5D27C8C0BE /* defaultBloodSetting.plist in Resources */ = {isa = PBXBuildFile; fileRef = 367F547FD8A2D05AB23C071F7752C480 /* defaultBloodSetting.plist */; };
		0C48522C9A98AE69C9E473FB8886F207 /* InsulinViewController.swift in Sources */ = {isa = PBXBuildFile; fileRef = FCE379B051D4A0168749A671811BD868 /* InsulinViewController.swift */; };
		0E835E57A6F34BDC4B6AA25CB303D3B4 /* bodyInfoView.swift in Sources */ = {isa = PBXBuildFile; fileRef = 41BAE5242D4EA9B456D06DAC9947B1AB /* bodyInfoView.swift */; };
		0FCF3B6597088D36328606A7EE666F3D /* dataTableViewCell.swift in Sources */ = {isa = PBXBuildFile; fileRef = 271D9A9F1ADE04BDD9B630AC333B2CD8 /* dataTableViewCell.swift */; };
		12FD0BE7E50C8B635C32E575FFC6214F /* glucoseView.swift in Sources */ = {isa = PBXBuildFile; fileRef = 9CC343A4BFCBECD9056D60A82B6F7115 /* glucoseView.swift */; };
		14A1F66FE36579BF1FEE9A0F20D616BE /* AJNavigationController.swift in Sources */ = {isa = PBXBuildFile; fileRef = E052E7AE76BD935D91BC473CA6AE9623 /* AJNavigationController.swift */; };
		152C4A08BC56AF93C71A63431BF14DC2 /* Insulin.plist in Resources */ = {isa = PBXBuildFile; fileRef = 60235DEE16226B1877D4F759DD359050 /* Insulin.plist */; };
		15D6FA7AF2ACEF4E3D398687FDBA3FB5 /* PageView.swift in Sources */ = {isa = PBXBuildFile; fileRef = 934C03A16BAD1A90B8D792A740D0BE1B /* PageView.swift */; };
		15E8CC2CDBADD659EF7EC522415C62F9 /* EatNumChange.swift in Sources */ = {isa = PBXBuildFile; fileRef = 185DDEA41DA7C96CD6E76086B42F7C86 /* EatNumChange.swift */; };
		18F0313CE9FBB4D24BE3EB41E867AE4B /* glucoseRecentView.swift in Sources */ = {isa = PBXBuildFile; fileRef = 0AE9E229BA78C6BCCE60166625ACCCC4 /* glucoseRecentView.swift */; };
		1DE16FE45BBA038D234EB138172EFDA9 /* ChartView.swift in Sources */ = {isa = PBXBuildFile; fileRef = E92B055FDB94E9B3CE4F1214F3F6A1DC /* ChartView.swift */; };
		2299785A12290C71B5AE290D61F682D3 /* EvenChange.swift in Sources */ = {isa = PBXBuildFile; fileRef = E3B0669AC5418D0BA85C5EB3AE10DDD7 /* EvenChange.swift */; };
		2303D6B254DB0D5874889FB3A5EFC415 /* DBSQLiteManager.swift in Sources */ = {isa = PBXBuildFile; fileRef = A50E32E0C4224AB84E6F8B2316008860 /* DBSQLiteManager.swift */; };
		29C10571F503D7FCC9D1EFF3EEF54262 /* StatisticalDataViewController.swift in Sources */ = {isa = PBXBuildFile; fileRef = 64A06ADE609E5D44A46272347EF3A865 /* StatisticalDataViewController.swift */; };
		2B176AC33E91C2CFDB77A8DC10A64B36 /* format_method.swift in Sources */ = {isa = PBXBuildFile; fileRef = 8AD251DA1D7683298B03830243680EC8 /* format_method.swift */; };
		2B46BB0C392766DCEEA101E0BCF15CEB /* DataTableViewOfHeader.swift in Sources */ = {isa = PBXBuildFile; fileRef = B0B9B3028D87CFA7B2325B82FADAD9A7 /* DataTableViewOfHeader.swift */; };
		2C9DC80088BFE63075C792E21BA74909 /* LaunchScreen.storyboard in Resources */ = {isa = PBXBuildFile; fileRef = 120A6F84CA97F8EC5CA77C3F92CE89BB /* LaunchScreen.storyboard */; };
		30E983804395F9F8A70B9E14F4E3D7DB /* getDataInHome.swift in Sources */ = {isa = PBXBuildFile; fileRef = 7C340848915D471758C27C46FC15E8A6 /* getDataInHome.swift */; };
		3196F5B95AA6AA6CBF111CFD2DE7E61B /* pickerView.swift in Sources */ = {isa = PBXBuildFile; fileRef = BD1FFFCEAEB20DEFEC8716743912DE93 /* pickerView.swift */; };
		35F229CDB65C074B26E6675EAD66CE2B /* BasalInsulinTableView.swift in Sources */ = {isa = PBXBuildFile; fileRef = D6F050A7AE8A1301E444704F3A331088 /* BasalInsulinTableView.swift */; };
		36BBFB3CF4326849B8182D7E23D1D1C8 /* CRC16.swift in Sources */ = {isa = PBXBuildFile; fileRef = F87C7D3F47A2F01DF9F52E6E047E342A /* CRC16.swift */; };
		36ED57EDEB1BEDFCEC1376EA7C0663EA /* Pods_AIJian.framework in Frameworks */ = {isa = PBXBuildFile; fileRef = AF99105C98E070F5A2AB3295DDBB3B84 /* Pods_AIJian.framework */; };
		3A882D841BCD9D047B77B5EE61C0F09E /* SetColorOfText.swift in Sources */ = {isa = PBXBuildFile; fileRef = 3B4F369C05939A511383BE4E6F782638 /* SetColorOfText.swift */; };
		3AA27EF7A0776B0646E3A87A334BEA4D /* GeneralStatusView.swift in Sources */ = {isa = PBXBuildFile; fileRef = 23C00E21044909597018A27EA6A8731C /* GeneralStatusView.swift */; };
		3ADD7EA7FBEA2802825A5D0C6978A31A /* gluViewController.swift in Sources */ = {isa = PBXBuildFile; fileRef = 3764C38A18B23A2FFB100BF679825865 /* gluViewController.swift */; };
		3ED6816474BEC77E2364F3D9F389E2CD /* CustomActivityIndicatorView.swift in Sources */ = {isa = PBXBuildFile; fileRef = 77041D07788584DA608BC9657890705D /* CustomActivityIndicatorView.swift */; };
		3F209594276298C7CF2E79AB8D42762D /* UnitViewController.swift in Sources */ = {isa = PBXBuildFile; fileRef = 802706582BF2DD3F2F165BE6CC4B129F /* UnitViewController.swift */; };
		3FF8ECC746A30B198DB68C15D5F5E15C /* allPickerView.swift in Sources */ = {isa = PBXBuildFile; fileRef = 7A16F36F9537243E6B7560D1B9FF77A0 /* allPickerView.swift */; };
		404DF41E22F23B418B99982210F28297 /* Assets.xcassets in Resources */ = {isa = PBXBuildFile; fileRef = A9B6DD9553609694BAC126BBFA65648A /* Assets.xcassets */; };
		4103417E5D61D24965902570B01CC19F /* SharedView.swift in Sources */ = {isa = PBXBuildFile; fileRef = 0557E67341EF86431E047CAF50A62A92 /* SharedView.swift */; };
		45803CE73725E712D36BEA50254D994A /* emailCheckSecViewController.swift in Sources */ = {isa = PBXBuildFile; fileRef = 47DC8F6CE4A54E2D70DC37A7931E98A7 /* emailCheckSecViewController.swift */; };
		45EF33331045E85A1E58AC44AA1029E4 /* TimerForLoad.swift in Sources */ = {isa = PBXBuildFile; fileRef = 7E1F834BC1616B709547362ED7AE6678 /* TimerForLoad.swift */; };
		4BE0A50E8FBE3EE70181B9DBA9FE2930 /* alertViewController.swift in Sources */ = {isa = PBXBuildFile; fileRef = 12334E6F67A1C77D5D81A3AA8A2BEB74 /* alertViewController.swift */; };
		4C433DFBF324335CF5426A76C3A8C0E6 /* Localization.strings in Resources */ = {isa = PBXBuildFile; fileRef = D0112232D48380E271D8987FB869BBE8 /* Localization.strings */; };
		4EA8F5F3B9FD7A60E6A46D35F6C6792C /* ChartViewController.swift in Sources */ = {isa = PBXBuildFile; fileRef = 1DE1DA0B6A37D1A87017D70069003005 /* ChartViewController.swift */; };
		5152E1428C13A8DE4BF2E86A2D9C2248 /* BrithdayViewController.swift in Sources */ = {isa = PBXBuildFile; fileRef = 069125044C84D4B9A10D2EFF9A2057BB /* BrithdayViewController.swift */; };
		53ECBF9769DA897ED2EE5CB10BE88D1E /* AJMineTableView.swift in Sources */ = {isa = PBXBuildFile; fileRef = A753E7B0055447EE4F602E4DC552B128 /* AJMineTableView.swift */; };
		558080D97A62B5A3560E31B66D54F008 /* loginNavigationController.swift in Sources */ = {isa = PBXBuildFile; fileRef = 90EF30771C7DE6130CC2BFE03540285D /* loginNavigationController.swift */; };
		55EBF230C8DD14A232D18B95A37D8202 /* PassChangeViewController.swift in Sources */ = {isa = PBXBuildFile; fileRef = 9793C8E8D4581432CB83EE79CF209C56 /* PassChangeViewController.swift */; };
		56ACC92032D24C9E3DE0AB02415266D6 /* UIImageView+Extension.swift in Sources */ = {isa = PBXBuildFile; fileRef = F8A34F9A4CB476E221493BFF4FA2AA03 /* UIImageView+Extension.swift */; };
		6909EE6FFC2BE982D2396BEDD6D91E75 /* remarkView.swift in Sources */ = {isa = PBXBuildFile; fileRef = D547385BBF4921804514C136B71543B8 /* remarkView.swift */; };
		6A66C6C4FFB3E3C9BB5320EEB7E51473 /* PopTextView.swift in Sources */ = {isa = PBXBuildFile; fileRef = BBB534F9B228926CFEFE19414443BC11 /* PopTextView.swift */; };
		6E35FD60C98CE0106FAB496C7D9A6831 /* SharedStaticView.swift in Sources */ = {isa = PBXBuildFile; fileRef = 499D392FCC415844B1B79CE51C4D09C5 /* SharedStaticView.swift */; };
		6ECA98075DA8031CC3E4FCCF8A969285 /* const.swift in Sources */ = {isa = PBXBuildFile; fileRef = B9FC2F51C9CAE9D3C768C8D06AE069A2 /* const.swift */; };
		71937B70E5629695BD05C1C077D5607B /* UnitSetting.plist in Resources */ = {isa = PBXBuildFile; fileRef = 946C4B448C4368010D25171286A04DC5 /* UnitSetting.plist */; };
		743A3F6B430D84EA70AEC37B7E7C611D /* String+extension.swift in Sources */ = {isa = PBXBuildFile; fileRef = 47EC5BD8176D116187C1289A2D7921FC /* String+extension.swift */; };
		74BAA950DB2E4C75BE286CCA00B3A027 /* SharedViewController.swift in Sources */ = {isa = PBXBuildFile; fileRef = 31B95A250C5649E01E8B1CE6F8AD5E85 /* SharedViewController.swift */; };
		78ACFA86EAB2AD613A75EC3FA86CC0D5 /* emailCheckViewController.swift in Sources */ = {isa = PBXBuildFile; fileRef = BE5DB8024A9CEB37E93599A5AA8FB6AB /* emailCheckViewController.swift */; };
		79EF3049BA2F75158E6183282C4F9EA9 /* User.swift in Sources */ = {isa = PBXBuildFile; fileRef = 3100BA3D03C73A4C3825AD32D66C7DEF /* User.swift */; };
		7A18ABD895A54152058EAE905EF289FD /* LastResultTableViewCell.swift in Sources */ = {isa = PBXBuildFile; fileRef = 9401A41A7EAE912E80D8ED43EB312202 /* LastResultTableViewCell.swift */; };
		7CD890F46A335B97CB394B2E0F32CE7C /* WeightUnitChange.swift in Sources */ = {isa = PBXBuildFile; fileRef = 9333124ACDB51FBDDC929EEAD032D6D3 /* WeightUnitChange.swift */; };
		7E55D14C065E24471D59E71862D56472 /* UseDirViewController.swift in Sources */ = {isa = PBXBuildFile; fileRef = 67085F8C516527849C0A634158BE78B7 /* UseDirViewController.swift */; };
		82229929AE907526C16AFB7C3B976565 /* AppDelegate.swift in Sources */ = {isa = PBXBuildFile; fileRef = 428DE12BF8AED7060D2DACBB1BDB9E15 /* AppDelegate.swift */; };
		84847BC2FE082A7DD9416B04C6429EAB /* BHJPickerView.swift in Sources */ = {isa = PBXBuildFile; fileRef = DE608F63498A45B84C3679D6251C8601 /* BHJPickerView.swift */; };
		85BF4AD1556507F03E9CF1AB13F34571 /* BloodSetViewController.swift in Sources */ = {isa = PBXBuildFile; fileRef = 9CCA193DA6A5E1E858111B284800163C /* BloodSetViewController.swift */; };
		875E6FED57826107D84E47853B2A507F /* UITextField+Extension.swift in Sources */ = {isa = PBXBuildFile; fileRef = AEB5C68EDC76F69EA0E7DCD122ED6AB4 /* UITextField+Extension.swift */; };
		88B422202CF871BF6F10A6D4FD24F651 /* GetUnit.swift in Sources */ = {isa = PBXBuildFile; fileRef = 7C3389A85E5BFB5D3E18B8DAA0516CC7 /* GetUnit.swift */; };
		8B4B6B01DE7E3900356410968484C374 /* sliderView.swift in Sources */ = {isa = PBXBuildFile; fileRef = 5B6A065DC6BD73C9F1E61047A599D813 /* sliderView.swift */; };
		8C12DF1C8D3786CE5E341EA9333B9A3B /* dateAndTimeView.swift in Sources */ = {isa = PBXBuildFile; fileRef = 760452171F68DFBAE73622584ED2C38F /* dateAndTimeView.swift */; };
		8C3C9D713203550D022030B6631833CA /* loginViewController.swift in Sources */ = {isa = PBXBuildFile; fileRef = 88B84B902E4E28BB9EBAC8F34677E2D8 /* loginViewController.swift */; };
		8D668ED7545FC182320465A8C9EB2052 /* DataViewController.swift in Sources */ = {isa = PBXBuildFile; fileRef = F7152151493753A2D1A697BD37767901 /* DataViewController.swift */; };
		8FA5DCA84D635AA4D80C1A78D6EF2D17 /* DataTableViewController.swift in Sources */ = {isa = PBXBuildFile; fileRef = 2B20E6C74C7069BCCED010C7F429CCBA /* DataTableViewController.swift */; };
		913C5A050E557527D087A3E79934646B /* IntensityChange.swift in Sources */ = {isa = PBXBuildFile; fileRef = 0A8E8D0A6CA3F03313B4B856827E97DD /* IntensityChange.swift */; };
		936A597C2AC4773B5A725A4B47936B31 /* viewToImage.swift in Sources */ = {isa = PBXBuildFile; fileRef = E2F07FB865C1B45AC2F704BE6D7A4BF4 /* viewToImage.swift */; };
		957A7C093476F2DD3E1D27A459DA5B62 /* emailCheckSecondView.swift in Sources */ = {isa = PBXBuildFile; fileRef = 79F6BFF01153E17E98228FE2B6DE05A3 /* emailCheckSecondView.swift */; };
		9A52EC121DB581CF229AB2E3F50BBAE6 /* Eventhing_response.swift in Sources */ = {isa = PBXBuildFile; fileRef = A8C3FB678C55445CDE289E6C4AF9E0F1 /* Eventhing_response.swift */; };
		9B3DAB77A3DC41F8FAC306F8E17CF1C1 /* UIButton+Extension.swift in Sources */ = {isa = PBXBuildFile; fileRef = EA336323AF93C849D90681604D2147DF /* UIButton+Extension.swift */; };
		9C767C7693EECAAA36FB83D2D98D581F /* loginView.swift in Sources */ = {isa = PBXBuildFile; fileRef = A0CD12C84AD248DAFB41C4466E30E5F0 /* loginView.swift */; };
		A1677E9613B4134B55F666BC94B7DE4F /* ProtocolView.swift in Sources */ = {isa = PBXBuildFile; fileRef = FCC3095E4A77F8F520BF6370290A26F4 /* ProtocolView.swift */; };
		A2362882D12624BFD10D37A285D02419 /* LocalizationTool.swift in Sources */ = {isa = PBXBuildFile; fileRef = 66D0691B2A92F5426840985B16F5D286 /* LocalizationTool.swift */; };
		A489FE1D1E209499E7F9EA11DD91D8C1 /* StatisticDate.swift in Sources */ = {isa = PBXBuildFile; fileRef = CE3143243F11C6CB31301BDE5B0B1EAC /* StatisticDate.swift */; };
		A4ED7886092801F8747BE1A2182D7314 /* ChartHeaderView.swift in Sources */ = {isa = PBXBuildFile; fileRef = 4A9EECDFBBCC15B19BB9A7310C3C5FC1 /* ChartHeaderView.swift */; };
		A51D1EDF287FD5220248DC6C355A5AC8 /* InputView.swift in Sources */ = {isa = PBXBuildFile; fileRef = 66F58ECE090CC8932E95E703B01B4E2B /* InputView.swift */; };
		A51F9B8EA9488DBFC4F727ED5E91473F /* CurrentVersion.swift in Sources */ = {isa = PBXBuildFile; fileRef = BD500821F545519203F5A1882AD77ED1 /* CurrentVersion.swift */; };
		A80635501A48A1CA762DE7BAA59B6CF6 /* BolusInsulinTableView.swift in Sources */ = {isa = PBXBuildFile; fileRef = A9898FA10A2CB87AAD7AD91B22FF72ED /* BolusInsulinTableView.swift */; };
		A87003F858AAC758556FC11B84E22CC6 /* NSDate+Date.swift in Sources */ = {isa = PBXBuildFile; fileRef = 3ACDB27DDBFA6BA1FEA8A6864CE435C5 /* NSDate+Date.swift */; };
		AB27A7600A1A69D96B3C0BDEEBA411E6 /* AboutUsViewController.swift in Sources */ = {isa = PBXBuildFile; fileRef = 281577697E4B5C8A234B003E370ABACA /* AboutUsViewController.swift */; };
		AE5F885CE9A2327A38A50458E467EBE8 /* AJMineHeaderView.swift in Sources */ = {isa = PBXBuildFile; fileRef = 3B122EE08303781538E0581FB9B0AF84 /* AJMineHeaderView.swift */; };
		AFB0A1406BF5F638E880614AD3D8E27A /* portionAndInsulinView.swift in Sources */ = {isa = PBXBuildFile; fileRef = B67C5D050C5D9478AF306B5A049428F1 /* portionAndInsulinView.swift */; };
		B15AA473274039A45723EF4FC67E8107 /* UnitConversion.swift in Sources */ = {isa = PBXBuildFile; fileRef = B7C52F310EC78F0CAFCE223C140C228D /* UnitConversion.swift */; };
		B19FE207427413DEE020EE6B205B6B9D /* PlistSet.swift in Sources */ = {isa = PBXBuildFile; fileRef = 72C52548A79BC012285A79353950AF46 /* PlistSet.swift */; };
		B43A43DAFE36319300153E43EA4E4E05 /* sugComponent.swift in Sources */ = {isa = PBXBuildFile; fileRef = 8FB165FA9B5B4F5C13436FA707111C57 /* sugComponent.swift */; };
		B72572AB691BA264ED8800ADFB4F6B02 /* averageView.swift in Sources */ = {isa = PBXBuildFile; fileRef = F3E6BF264A7759F39EE60E2FC55F2DB6 /* averageView.swift */; };
		B83598611557B254549833AC919D9A79 /* userModel.swift in Sources */ = {isa = PBXBuildFile; fileRef = 22B094C4B18BB5F0C34595C39C01AC2B /* userModel.swift */; };
		BA52FED03B80B15A0F3460206CDC2279 /* InfoViewController.swift in Sources */ = {isa = PBXBuildFile; fileRef = E99EF319B2FAC2A3CB837B6E08BAC6D7 /* InfoViewController.swift */; };
		BC289F6EACFB2BCADEB1685DE0F10A6D /* recentTrendView.swift in Sources */ = {isa = PBXBuildFile; fileRef = 299B8A71C73EA6E88B488D991BF75352 /* recentTrendView.swift */; };
		BC83B1437A56BCF7C847128796026D49 /* BLEViewController.swift in Sources */ = {isa = PBXBuildFile; fileRef = F3EA8AF88908000078EAC3AC949A8176 /* BLEViewController.swift */; };
		C09A68B5ACCA1FF372DB3D8F6C23A872 /* UILabel+Extension.swift in Sources */ = {isa = PBXBuildFile; fileRef = 5CDBFD961B14C40710FE24938097E7B6 /* UILabel+Extension.swift */; };
		C0B2EB14159CEE413014D980058B4127 /* userBloodSetting.plist in Resources */ = {isa = PBXBuildFile; fileRef = 7BD87968C7A6DBA89B736444D0C1C80C /* userBloodSetting.plist */; };
		C2CBA0DB1212C80B70711093478F6D50 /* CustomAlertController.swift in Sources */ = {isa = PBXBuildFile; fileRef = 044715989F31C24AE1950899878B6046 /* CustomAlertController.swift */; };
		C45133C15650E0A758BE9274BD83AC47 /* perAndAfterMealTests.swift in Sources */ = {isa = PBXBuildFile; fileRef = CC1045C7B12598B6BDF9051A059F6A49 /* perAndAfterMealTests.swift */; };
		C701921CAA5E7D6176A633628D36FCD2 /* HomeViewController.swift in Sources */ = {isa = PBXBuildFile; fileRef = C21A6D55DCBB198190A95457237730BD /* HomeViewController.swift */; };
		C88FB686223BB5A94898D1B74AAF1FF6 /* QuitCellView.swift in Sources */ = {isa = PBXBuildFile; fileRef = 9D6CD8071B1953BFC8FC49D0C07E5B17 /* QuitCellView.swift */; };
		C8C584C14E41F381E1E0B5BA0C387AE8 /* UIAlertViewController_Extension.swift in Sources */ = {isa = PBXBuildFile; fileRef = F0BB31FFA0EA717578FBF645BF4D701F /* UIAlertViewController_Extension.swift */; };
		C8F5100D99CC101199D1703D63BC02A4 /* infoInputViewController.swift in Sources */ = {isa = PBXBuildFile; fileRef = 27281F49EAF3824C93F33643E3F92985 /* infoInputViewController.swift */; };
		CD009E706F285C614991B94F619B5BC3 /* nationComponent.swift in Sources */ = {isa = PBXBuildFile; fileRef = AFAB4AF4474CEF20E35E879F280D6EE7 /* nationComponent.swift */; };
		CD1234E30F7C4689A1783E8E01C09116 /* UpdateManager.swift in Sources */ = {isa = PBXBuildFile; fileRef = 44ECE95E879F310D822741002FFB8089 /* UpdateManager.swift */; };
		CDAE1F2D93FE04AAC0DB578104CB6109 /* User.plist in Resources */ = {isa = PBXBuildFile; fileRef = A5A1585583F171AC210D37D0F2F28C6E /* User.plist */; };
		CE7A682B87979E6CD2FFAF3C097ED6F8 /* GlobalValue.plist in Resources */ = {isa = PBXBuildFile; fileRef = 961092F618DFD3A23C3E2C9E1F14FB00 /* GlobalValue.plist */; };
		CFBA26BE628FD16512A0D472E74AC909 /* PressureUnitChange.swift in Sources */ = {isa = PBXBuildFile; fileRef = 0DD60A3BECD368606104E505681C9CAD /* PressureUnitChange.swift */; };
		D04F636417EB92069574FA06715E5F33 /* SuggestionViewController.swift in Sources */ = {isa = PBXBuildFile; fileRef = 8A18E98B74565B5E695548D96DE09E13 /* SuggestionViewController.swift */; };
		D140B268899B7C34FE91E8B62F5A2755 /* emailCheckView.swift in Sources */ = {isa = PBXBuildFile; fileRef = 9194DA23A92362E3AC5BCFD8094F8DBC /* emailCheckView.swift */; };
		D3598BAB73CFEA38A43DA2264E156B52 /* GetBloodLimit.swift in Sources */ = {isa = PBXBuildFile; fileRef = 114081AB7B0ED40CD96B4D28D031951A /* GetBloodLimit.swift */; };
		D4479E94DAB95BEB3DED8B7DF7B6BB68 /* sportView.swift in Sources */ = {isa = PBXBuildFile; fileRef = 7913A53032178A4B8556F90346B73A35 /* sportView.swift */; };
		D4FE5D1D7D0DE3136E04639AC72B702D /* InfoInputView.swift in Sources */ = {isa = PBXBuildFile; fileRef = 147304D84A9DE6863D9AB1D97597C6C9 /* InfoInputView.swift */; };
		D73159906BF596032A3B3FB75BFF3023 /* AJStartView.swift in Sources */ = {isa = PBXBuildFile; fileRef = AE9D2F5F3748AFDB28A21FD34F1F2A2C /* AJStartView.swift */; };
		DAB75D62191E7B20DE8D9FC833830F2D /* Main.storyboard in Resources */ = {isa = PBXBuildFile; fileRef = F0FB85FAAFC7E1C40AEA46B8FF81D184 /* Main.storyboard */; };
		DAD1F3B648F0B2AE0DD72681269865A8 /* HZtextview.swift in Sources */ = {isa = PBXBuildFile; fileRef = 045FCCE2115285505EA4034A4B5AD8DF /* HZtextview.swift */; };
		DC3A3CDFA48AB2EE1B39DF56A6012FEC /* PopSmallChangeBigFatherView.swift in Sources */ = {isa = PBXBuildFile; fileRef = 6469267F98B5A5BF4D42AFD9B360DF70 /* PopSmallChangeBigFatherView.swift */; };
		DC527C2AA2A4BA97B440B8CC67D870EE /* ChartDrawFunc.swift in Sources */ = {isa = PBXBuildFile; fileRef = BD0D1AC2632CAB8219D398832954F62F /* ChartDrawFunc.swift */; };
		DE3CF4606A6A4080C7331A8EA9ABB889 /* GetSortedData.swift in Sources */ = {isa = PBXBuildFile; fileRef = E59A10BC763D4D5E27D2541D481F5390 /* GetSortedData.swift */; };
		DED73D531E1A93CEAA15FA41DA1EA16F /* inputChoose.plist in Resources */ = {isa = PBXBuildFile; fileRef = 327249D87EBD50F9CA3CF88F34F49D5F /* inputChoose.plist */; };
		E479C902F6DEDF27CD6A2A4C47BC21D5 /* CountryEn.plist in Resources */ = {isa = PBXBuildFile; fileRef = D1B29EA5E3861CBD4A8333DE8EB3A45A /* CountryEn.plist */; };
		E74705A4B4520AF2BB983AE3A49DEDCB /* totalCheckView.swift in Sources */ = {isa = PBXBuildFile; fileRef = 6944C88A1CC67791001D6E2AB70AF8DE /* totalCheckView.swift */; };
		E753DC7DBC086A2A30C6EC0830A63D95 /* OtherInsulinTableView.swift in Sources */ = {isa = PBXBuildFile; fileRef = BB32CBB039E1CB1B7CFC343ECDA5FC66 /* OtherInsulinTableView.swift */; };
		E85A9418E967599370BB20317758AB88 /* BLEViewController 2.swift in Sources */ = {isa = PBXBuildFile; fileRef = A32EB0E8DBAE9B6ABD130E92D422FA94 /* BLEViewController 2.swift */; };
		E984F8552E1FF381F5828A63501263CC /* recentTableViewCell.swift in Sources */ = {isa = PBXBuildFile; fileRef = 8DF195A74D0097D3A2F613C3949D8455 /* recentTableViewCell.swift */; };
		ECCDAB6AF9B53630AF5186D28430395B /* registerView.swift in Sources */ = {isa = PBXBuildFile; fileRef = DCA464EB54C14F9628836CB6E349E42D /* registerView.swift */; };
		F0A6F0F1CF20A1EA46FA373138B695E8 /* customRangeView.swift in Sources */ = {isa = PBXBuildFile; fileRef = 5DE202E3593E8C04C492C3EE879A1902 /* customRangeView.swift */; };
		F0CC7B621011F02A6C445F2D4CFD4002 /* AJTabbarController.swift in Sources */ = {isa = PBXBuildFile; fileRef = CA2549D6C67890470A3C4246AC4EF841 /* AJTabbarController.swift */; };
		F0DAF1CF8A457C4B9BC70BD93C0596F3 /* ViewController.swift in Sources */ = {isa = PBXBuildFile; fileRef = 2493D86F57E107E55042AE03E1128300 /* ViewController.swift */; };
		F1647D90FE006C35DDD2C91362D4AE2F /* URL_Address.swift in Sources */ = {isa = PBXBuildFile; fileRef = 6B3F1C67C1613AC9C10DED88BFBF2E7D /* URL_Address.swift */; };
		F2A43A73565BB1CF045F3019A8AA1498 /* InsertViewController.swift in Sources */ = {isa = PBXBuildFile; fileRef = 13E708809ACCA305E2B4107ADF6D21D4 /* InsertViewController.swift */; };
		F2C132B8DC75DCC95C950DC23D124584 /* StaticView.swift in Sources */ = {isa = PBXBuildFile; fileRef = 6466430F2C5AE99EEF606768B0B4A23D /* StaticView.swift */; };
		F2E3E078A8AFB14D3459CFD205D09431 /* VersionUViewController.swift in Sources */ = {isa = PBXBuildFile; fileRef = E731F2F93D9C7386E8E695DA24772AFA /* VersionUViewController.swift */; };
		F3F89A590484E6CCFC145CCD7137B40A /* registerViewController.swift in Sources */ = {isa = PBXBuildFile; fileRef = 8FE3B6FB424C620A1C8224C3669D485D /* registerViewController.swift */; };
		F440EC390F52F7014B638916C024A81A /* MineViewController.swift in Sources */ = {isa = PBXBuildFile; fileRef = 531A0A352EC54333AE6CC2C50FF28F11 /* MineViewController.swift */; };
		F6F14613E32F06BD8AB1AD10CFAE5D1A /* valueFormatter.swift in Sources */ = {isa = PBXBuildFile; fileRef = 0C037DF823B6F425FC3F63663F2201B7 /* valueFormatter.swift */; };
		FC5423243A15C385AA367ABAB67D6C09 /* UserInfo.swift in Sources */ = {isa = PBXBuildFile; fileRef = 0D612F090DA61DB57678E74F261C68D6 /* UserInfo.swift */; };
		FCCEE755960724D4B2A42D7EAA32CBFA /* tableViewCellCustomLabel.swift in Sources */ = {isa = PBXBuildFile; fileRef = 6614F4AA0A8E37F9E3E5385A5D65B09C /* tableViewCellCustomLabel.swift */; };
/* End PBXBuildFile section */

/* Begin PBXFileReference section */
		044715989F31C24AE1950899878B6046 /* CustomAlertController.swift */ = {isa = PBXFileReference; lastKnownFileType = sourcecode.swift; path = CustomAlertController.swift; sourceTree = "<group>"; };
		045FCCE2115285505EA4034A4B5AD8DF /* HZtextview.swift */ = {isa = PBXFileReference; lastKnownFileType = sourcecode.swift; path = HZtextview.swift; sourceTree = "<group>"; };
		0557E67341EF86431E047CAF50A62A92 /* SharedView.swift */ = {isa = PBXFileReference; lastKnownFileType = sourcecode.swift; path = SharedView.swift; sourceTree = "<group>"; };
		069125044C84D4B9A10D2EFF9A2057BB /* BrithdayViewController.swift */ = {isa = PBXFileReference; lastKnownFileType = sourcecode.swift; path = BrithdayViewController.swift; sourceTree = "<group>"; };
		0A8E8D0A6CA3F03313B4B856827E97DD /* IntensityChange.swift */ = {isa = PBXFileReference; lastKnownFileType = sourcecode.swift; path = IntensityChange.swift; sourceTree = "<group>"; };
		0AE9E229BA78C6BCCE60166625ACCCC4 /* glucoseRecentView.swift */ = {isa = PBXFileReference; fileEncoding = 4; lastKnownFileType = sourcecode.swift; name = glucoseRecentView.swift; path = AIJian/Main/Home/glucoseRecentView.swift; sourceTree = SOURCE_ROOT; };
		0C037DF823B6F425FC3F63663F2201B7 /* valueFormatter.swift */ = {isa = PBXFileReference; lastKnownFileType = sourcecode.swift; path = valueFormatter.swift; sourceTree = "<group>"; };
		0D1AD2E1A3464A9CE95EFDBA19470A40 /* Base */ = {isa = PBXFileReference; lastKnownFileType = file.storyboard; name = Base; path = Base.lproj/LaunchScreen.storyboard; sourceTree = "<group>"; };
		0D612F090DA61DB57678E74F261C68D6 /* UserInfo.swift */ = {isa = PBXFileReference; lastKnownFileType = sourcecode.swift; path = UserInfo.swift; sourceTree = "<group>"; };
		0DD60A3BECD368606104E505681C9CAD /* PressureUnitChange.swift */ = {isa = PBXFileReference; lastKnownFileType = sourcecode.swift; path = PressureUnitChange.swift; sourceTree = "<group>"; };
		114081AB7B0ED40CD96B4D28D031951A /* GetBloodLimit.swift */ = {isa = PBXFileReference; lastKnownFileType = sourcecode.swift; path = GetBloodLimit.swift; sourceTree = "<group>"; };
		12334E6F67A1C77D5D81A3AA8A2BEB74 /* alertViewController.swift */ = {isa = PBXFileReference; lastKnownFileType = sourcecode.swift; path = alertViewController.swift; sourceTree = "<group>"; };
		13E708809ACCA305E2B4107ADF6D21D4 /* InsertViewController.swift */ = {isa = PBXFileReference; lastKnownFileType = sourcecode.swift; path = InsertViewController.swift; sourceTree = "<group>"; };
		147304D84A9DE6863D9AB1D97597C6C9 /* InfoInputView.swift */ = {isa = PBXFileReference; lastKnownFileType = sourcecode.swift; path = InfoInputView.swift; sourceTree = "<group>"; };
		185DDEA41DA7C96CD6E76086B42F7C86 /* EatNumChange.swift */ = {isa = PBXFileReference; lastKnownFileType = sourcecode.swift; path = EatNumChange.swift; sourceTree = "<group>"; };
		1DE1DA0B6A37D1A87017D70069003005 /* ChartViewController.swift */ = {isa = PBXFileReference; lastKnownFileType = sourcecode.swift; path = ChartViewController.swift; sourceTree = "<group>"; };
		22B094C4B18BB5F0C34595C39C01AC2B /* userModel.swift */ = {isa = PBXFileReference; lastKnownFileType = sourcecode.swift; path = userModel.swift; sourceTree = "<group>"; };
		23C00E21044909597018A27EA6A8731C /* GeneralStatusView.swift */ = {isa = PBXFileReference; lastKnownFileType = sourcecode.swift; path = GeneralStatusView.swift; sourceTree = "<group>"; };
		2493D86F57E107E55042AE03E1128300 /* ViewController.swift */ = {isa = PBXFileReference; lastKnownFileType = sourcecode.swift; path = ViewController.swift; sourceTree = "<group>"; };
		271D9A9F1ADE04BDD9B630AC333B2CD8 /* dataTableViewCell.swift */ = {isa = PBXFileReference; lastKnownFileType = sourcecode.swift; path = dataTableViewCell.swift; sourceTree = "<group>"; };
		27281F49EAF3824C93F33643E3F92985 /* infoInputViewController.swift */ = {isa = PBXFileReference; lastKnownFileType = sourcecode.swift; path = infoInputViewController.swift; sourceTree = "<group>"; };
		281577697E4B5C8A234B003E370ABACA /* AboutUsViewController.swift */ = {isa = PBXFileReference; lastKnownFileType = sourcecode.swift; path = AboutUsViewController.swift; sourceTree = "<group>"; };
		299B8A71C73EA6E88B488D991BF75352 /* recentTrendView.swift */ = {isa = PBXFileReference; fileEncoding = 4; lastKnownFileType = sourcecode.swift; name = recentTrendView.swift; path = AIJian/Main/Home/recentTrendView.swift; sourceTree = SOURCE_ROOT; };
		2B20E6C74C7069BCCED010C7F429CCBA /* DataTableViewController.swift */ = {isa = PBXFileReference; fileEncoding = 4; lastKnownFileType = sourcecode.swift; path = DataTableViewController.swift; sourceTree = "<group>"; };
		3100BA3D03C73A4C3825AD32D66C7DEF /* User.swift */ = {isa = PBXFileReference; lastKnownFileType = sourcecode.swift; name = User.swift; path = AIJian/Networking/User.swift; sourceTree = SOURCE_ROOT; };
		31AEF430201820312861BE1C5F10CF0B /* zh-Hans */ = {isa = PBXFileReference; lastKnownFileType = text.plist.strings; name = "zh-Hans"; path = "zh-Hans.lproj/Localization.strings"; sourceTree = "<group>"; };
		31B95A250C5649E01E8B1CE6F8AD5E85 /* SharedViewController.swift */ = {isa = PBXFileReference; lastKnownFileType = sourcecode.swift; path = SharedViewController.swift; sourceTree = "<group>"; };
		327249D87EBD50F9CA3CF88F34F49D5F /* inputChoose.plist */ = {isa = PBXFileReference; fileEncoding = 4; lastKnownFileType = text.plist.xml; path = inputChoose.plist; sourceTree = "<group>"; };
		367F547FD8A2D05AB23C071F7752C480 /* defaultBloodSetting.plist */ = {isa = PBXFileReference; fileEncoding = 4; lastKnownFileType = text.plist.xml; path = defaultBloodSetting.plist; sourceTree = "<group>"; };
		3764C38A18B23A2FFB100BF679825865 /* gluViewController.swift */ = {isa = PBXFileReference; fileEncoding = 4; lastKnownFileType = sourcecode.swift; path = gluViewController.swift; sourceTree = "<group>"; };
		3ACDB27DDBFA6BA1FEA8A6864CE435C5 /* NSDate+Date.swift */ = {isa = PBXFileReference; lastKnownFileType = sourcecode.swift; path = "NSDate+Date.swift"; sourceTree = "<group>"; };
		3B122EE08303781538E0581FB9B0AF84 /* AJMineHeaderView.swift */ = {isa = PBXFileReference; fileEncoding = 4; lastKnownFileType = sourcecode.swift; path = AJMineHeaderView.swift; sourceTree = "<group>"; };
		3B4F369C05939A511383BE4E6F782638 /* SetColorOfText.swift */ = {isa = PBXFileReference; lastKnownFileType = sourcecode.swift; path = SetColorOfText.swift; sourceTree = "<group>"; };
		3DD4A500110CCA25E61A95066330D220 /* dateRangePickerView.swift */ = {isa = PBXFileReference; lastKnownFileType = sourcecode.swift; path = dateRangePickerView.swift; sourceTree = "<group>"; };
		41BAE5242D4EA9B456D06DAC9947B1AB /* bodyInfoView.swift */ = {isa = PBXFileReference; fileEncoding = 4; lastKnownFileType = sourcecode.swift; path = bodyInfoView.swift; sourceTree = "<group>"; };
		428DE12BF8AED7060D2DACBB1BDB9E15 /* AppDelegate.swift */ = {isa = PBXFileReference; lastKnownFileType = sourcecode.swift; path = AppDelegate.swift; sourceTree = "<group>"; };
		44ECE95E879F310D822741002FFB8089 /* UpdateManager.swift */ = {isa = PBXFileReference; lastKnownFileType = sourcecode.swift; path = UpdateManager.swift; sourceTree = "<group>"; };
		47DC8F6CE4A54E2D70DC37A7931E98A7 /* emailCheckSecViewController.swift */ = {isa = PBXFileReference; lastKnownFileType = sourcecode.swift; path = emailCheckSecViewController.swift; sourceTree = "<group>"; };
		47EC5BD8176D116187C1289A2D7921FC /* String+extension.swift */ = {isa = PBXFileReference; fileEncoding = 4; lastKnownFileType = sourcecode.swift; path = "String+extension.swift"; sourceTree = "<group>"; };
		499D392FCC415844B1B79CE51C4D09C5 /* SharedStaticView.swift */ = {isa = PBXFileReference; lastKnownFileType = sourcecode.swift; path = SharedStaticView.swift; sourceTree = "<group>"; };
		4A9EECDFBBCC15B19BB9A7310C3C5FC1 /* ChartHeaderView.swift */ = {isa = PBXFileReference; lastKnownFileType = sourcecode.swift; path = ChartHeaderView.swift; sourceTree = "<group>"; };
		509CA4053D288A4E56C778E86FBE7CFD /* Pods-AIJian.debug.xcconfig */ = {isa = PBXFileReference; includeInIndex = 1; lastKnownFileType = text.xcconfig; name = "Pods-AIJian.debug.xcconfig"; path = "Target Support Files/Pods-AIJian/Pods-AIJian.debug.xcconfig"; sourceTree = "<group>"; };
		531A0A352EC54333AE6CC2C50FF28F11 /* MineViewController.swift */ = {isa = PBXFileReference; lastKnownFileType = sourcecode.swift; path = MineViewController.swift; sourceTree = "<group>"; };
		5B6A065DC6BD73C9F1E61047A599D813 /* sliderView.swift */ = {isa = PBXFileReference; lastKnownFileType = sourcecode.swift; path = sliderView.swift; sourceTree = "<group>"; };
		5CDBFD961B14C40710FE24938097E7B6 /* UILabel+Extension.swift */ = {isa = PBXFileReference; fileEncoding = 4; lastKnownFileType = sourcecode.swift; path = "UILabel+Extension.swift"; sourceTree = "<group>"; };
		5DE202E3593E8C04C492C3EE879A1902 /* customRangeView.swift */ = {isa = PBXFileReference; lastKnownFileType = sourcecode.swift; path = customRangeView.swift; sourceTree = "<group>"; };
		5EAFAE8757FDB6305DED9249DB2CB82F /* Info.plist */ = {isa = PBXFileReference; lastKnownFileType = text.plist.xml; path = Info.plist; sourceTree = "<group>"; };
		60235DEE16226B1877D4F759DD359050 /* Insulin.plist */ = {isa = PBXFileReference; lastKnownFileType = text.plist.xml; path = Insulin.plist; sourceTree = "<group>"; };
		6466430F2C5AE99EEF606768B0B4A23D /* StaticView.swift */ = {isa = PBXFileReference; lastKnownFileType = sourcecode.swift; path = StaticView.swift; sourceTree = "<group>"; };
		6469267F98B5A5BF4D42AFD9B360DF70 /* PopSmallChangeBigFatherView.swift */ = {isa = PBXFileReference; fileEncoding = 4; lastKnownFileType = sourcecode.swift; path = PopSmallChangeBigFatherView.swift; sourceTree = "<group>"; };
		64A06ADE609E5D44A46272347EF3A865 /* StatisticalDataViewController.swift */ = {isa = PBXFileReference; lastKnownFileType = sourcecode.swift; path = StatisticalDataViewController.swift; sourceTree = "<group>"; };
		6614F4AA0A8E37F9E3E5385A5D65B09C /* tableViewCellCustomLabel.swift */ = {isa = PBXFileReference; lastKnownFileType = sourcecode.swift; path = tableViewCellCustomLabel.swift; sourceTree = "<group>"; };
		66D0691B2A92F5426840985B16F5D286 /* LocalizationTool.swift */ = {isa = PBXFileReference; lastKnownFileType = sourcecode.swift; path = LocalizationTool.swift; sourceTree = "<group>"; };
		66F58ECE090CC8932E95E703B01B4E2B /* InputView.swift */ = {isa = PBXFileReference; fileEncoding = 4; lastKnownFileType = sourcecode.swift; path = InputView.swift; sourceTree = "<group>"; };
		67085F8C516527849C0A634158BE78B7 /* UseDirViewController.swift */ = {isa = PBXFileReference; lastKnownFileType = sourcecode.swift; path = UseDirViewController.swift; sourceTree = "<group>"; };
		6944C88A1CC67791001D6E2AB70AF8DE /* totalCheckView.swift */ = {isa = PBXFileReference; lastKnownFileType = sourcecode.swift; path = totalCheckView.swift; sourceTree = "<group>"; };
		6B3F1C67C1613AC9C10DED88BFBF2E7D /* URL_Address.swift */ = {isa = PBXFileReference; lastKnownFileType = sourcecode.swift; path = URL_Address.swift; sourceTree = "<group>"; };
		6BDC9815FDD5FF4814AB913BE79B3939 /* en */ = {isa = PBXFileReference; lastKnownFileType = text.plist.strings; name = en; path = en.lproj/Localization.strings; sourceTree = "<group>"; };
		72C52548A79BC012285A79353950AF46 /* PlistSet.swift */ = {isa = PBXFileReference; lastKnownFileType = sourcecode.swift; path = PlistSet.swift; sourceTree = "<group>"; };
		760452171F68DFBAE73622584ED2C38F /* dateAndTimeView.swift */ = {isa = PBXFileReference; fileEncoding = 4; lastKnownFileType = sourcecode.swift; path = dateAndTimeView.swift; sourceTree = "<group>"; };
		77041D07788584DA608BC9657890705D /* CustomActivityIndicatorView.swift */ = {isa = PBXFileReference; lastKnownFileType = sourcecode.swift; path = CustomActivityIndicatorView.swift; sourceTree = "<group>"; };
		7913A53032178A4B8556F90346B73A35 /* sportView.swift */ = {isa = PBXFileReference; fileEncoding = 4; lastKnownFileType = sourcecode.swift; path = sportView.swift; sourceTree = "<group>"; };
		79F6BFF01153E17E98228FE2B6DE05A3 /* emailCheckSecondView.swift */ = {isa = PBXFileReference; lastKnownFileType = sourcecode.swift; path = emailCheckSecondView.swift; sourceTree = "<group>"; };
		7A16F36F9537243E6B7560D1B9FF77A0 /* allPickerView.swift */ = {isa = PBXFileReference; fileEncoding = 4; lastKnownFileType = sourcecode.swift; path = allPickerView.swift; sourceTree = "<group>"; };
		7BD87968C7A6DBA89B736444D0C1C80C /* userBloodSetting.plist */ = {isa = PBXFileReference; fileEncoding = 4; lastKnownFileType = text.plist.xml; path = userBloodSetting.plist; sourceTree = "<group>"; };
		7C3389A85E5BFB5D3E18B8DAA0516CC7 /* GetUnit.swift */ = {isa = PBXFileReference; lastKnownFileType = sourcecode.swift; path = GetUnit.swift; sourceTree = "<group>"; };
		7C340848915D471758C27C46FC15E8A6 /* getDataInHome.swift */ = {isa = PBXFileReference; lastKnownFileType = sourcecode.swift; name = getDataInHome.swift; path = AIJian/Main/Home/getDataInHome.swift; sourceTree = SOURCE_ROOT; };
		7E1F834BC1616B709547362ED7AE6678 /* TimerForLoad.swift */ = {isa = PBXFileReference; lastKnownFileType = sourcecode.swift; path = TimerForLoad.swift; sourceTree = "<group>"; };
		802706582BF2DD3F2F165BE6CC4B129F /* UnitViewController.swift */ = {isa = PBXFileReference; lastKnownFileType = sourcecode.swift; path = UnitViewController.swift; sourceTree = "<group>"; };
		844B3F33236837C20025DD67 /* AIJian.entitlements */ = {isa = PBXFileReference; lastKnownFileType = text.plist.entitlements; path = AIJian.entitlements; sourceTree = "<group>"; };
		88B84B902E4E28BB9EBAC8F34677E2D8 /* loginViewController.swift */ = {isa = PBXFileReference; lastKnownFileType = sourcecode.swift; path = loginViewController.swift; sourceTree = "<group>"; };
		8A18E98B74565B5E695548D96DE09E13 /* SuggestionViewController.swift */ = {isa = PBXFileReference; lastKnownFileType = sourcecode.swift; path = SuggestionViewController.swift; sourceTree = "<group>"; };
		8AB8DBFCEA7297369A51108D4F1C5D91 /* InsulinType.swift */ = {isa = PBXFileReference; lastKnownFileType = sourcecode.swift; path = InsulinType.swift; sourceTree = "<group>"; };
		8AD251DA1D7683298B03830243680EC8 /* format_method.swift */ = {isa = PBXFileReference; lastKnownFileType = sourcecode.swift; path = format_method.swift; sourceTree = "<group>"; };
		8DF195A74D0097D3A2F613C3949D8455 /* recentTableViewCell.swift */ = {isa = PBXFileReference; lastKnownFileType = sourcecode.swift; name = recentTableViewCell.swift; path = AIJian/Main/Home/recentTableViewCell.swift; sourceTree = SOURCE_ROOT; };
		8FB165FA9B5B4F5C13436FA707111C57 /* sugComponent.swift */ = {isa = PBXFileReference; lastKnownFileType = sourcecode.swift; path = sugComponent.swift; sourceTree = "<group>"; };
		8FE3B6FB424C620A1C8224C3669D485D /* registerViewController.swift */ = {isa = PBXFileReference; lastKnownFileType = sourcecode.swift; path = registerViewController.swift; sourceTree = "<group>"; };
		90EF30771C7DE6130CC2BFE03540285D /* loginNavigationController.swift */ = {isa = PBXFileReference; lastKnownFileType = sourcecode.swift; path = loginNavigationController.swift; sourceTree = "<group>"; };
		9194DA23A92362E3AC5BCFD8094F8DBC /* emailCheckView.swift */ = {isa = PBXFileReference; lastKnownFileType = sourcecode.swift; path = emailCheckView.swift; sourceTree = "<group>"; };
		9333124ACDB51FBDDC929EEAD032D6D3 /* WeightUnitChange.swift */ = {isa = PBXFileReference; lastKnownFileType = sourcecode.swift; path = WeightUnitChange.swift; sourceTree = "<group>"; };
		934C03A16BAD1A90B8D792A740D0BE1B /* PageView.swift */ = {isa = PBXFileReference; lastKnownFileType = sourcecode.swift; path = PageView.swift; sourceTree = "<group>"; };
		9401A41A7EAE912E80D8ED43EB312202 /* LastResultTableViewCell.swift */ = {isa = PBXFileReference; lastKnownFileType = sourcecode.swift; name = LastResultTableViewCell.swift; path = AIJian/Main/Home/LastResultTableViewCell.swift; sourceTree = SOURCE_ROOT; };
		946C4B448C4368010D25171286A04DC5 /* UnitSetting.plist */ = {isa = PBXFileReference; lastKnownFileType = text.plist.xml; path = UnitSetting.plist; sourceTree = "<group>"; };
		961092F618DFD3A23C3E2C9E1F14FB00 /* GlobalValue.plist */ = {isa = PBXFileReference; lastKnownFileType = text.plist.xml; path = GlobalValue.plist; sourceTree = "<group>"; };
		9793C8E8D4581432CB83EE79CF209C56 /* PassChangeViewController.swift */ = {isa = PBXFileReference; lastKnownFileType = sourcecode.swift; path = PassChangeViewController.swift; sourceTree = "<group>"; };
		9CC343A4BFCBECD9056D60A82B6F7115 /* glucoseView.swift */ = {isa = PBXFileReference; fileEncoding = 4; lastKnownFileType = sourcecode.swift; path = glucoseView.swift; sourceTree = "<group>"; };
		9CCA193DA6A5E1E858111B284800163C /* BloodSetViewController.swift */ = {isa = PBXFileReference; lastKnownFileType = sourcecode.swift; path = BloodSetViewController.swift; sourceTree = "<group>"; };
		9D6CD8071B1953BFC8FC49D0C07E5B17 /* QuitCellView.swift */ = {isa = PBXFileReference; lastKnownFileType = sourcecode.swift; path = QuitCellView.swift; sourceTree = "<group>"; };
		A0CD12C84AD248DAFB41C4466E30E5F0 /* loginView.swift */ = {isa = PBXFileReference; fileEncoding = 4; lastKnownFileType = sourcecode.swift; path = loginView.swift; sourceTree = "<group>"; };
		A32EB0E8DBAE9B6ABD130E92D422FA94 /* BLEViewController 2.swift */ = {isa = PBXFileReference; fileEncoding = 4; lastKnownFileType = sourcecode.swift; path = "BLEViewController 2.swift"; sourceTree = "<group>"; };
		A50E32E0C4224AB84E6F8B2316008860 /* DBSQLiteManager.swift */ = {isa = PBXFileReference; lastKnownFileType = sourcecode.swift; path = DBSQLiteManager.swift; sourceTree = "<group>"; };
		A5A1585583F171AC210D37D0F2F28C6E /* User.plist */ = {isa = PBXFileReference; lastKnownFileType = text.plist.xml; path = User.plist; sourceTree = "<group>"; };
		A753E7B0055447EE4F602E4DC552B128 /* AJMineTableView.swift */ = {isa = PBXFileReference; lastKnownFileType = sourcecode.swift; path = AJMineTableView.swift; sourceTree = "<group>"; };
		A8C3FB678C55445CDE289E6C4AF9E0F1 /* Eventhing_response.swift */ = {isa = PBXFileReference; lastKnownFileType = sourcecode.swift; path = Eventhing_response.swift; sourceTree = "<group>"; };
		A9898FA10A2CB87AAD7AD91B22FF72ED /* BolusInsulinTableView.swift */ = {isa = PBXFileReference; lastKnownFileType = sourcecode.swift; path = BolusInsulinTableView.swift; sourceTree = "<group>"; };
		A9B6DD9553609694BAC126BBFA65648A /* Assets.xcassets */ = {isa = PBXFileReference; lastKnownFileType = folder.assetcatalog; path = Assets.xcassets; sourceTree = "<group>"; };
		AE9D2F5F3748AFDB28A21FD34F1F2A2C /* AJStartView.swift */ = {isa = PBXFileReference; lastKnownFileType = sourcecode.swift; path = AJStartView.swift; sourceTree = "<group>"; };
		AEB5C68EDC76F69EA0E7DCD122ED6AB4 /* UITextField+Extension.swift */ = {isa = PBXFileReference; fileEncoding = 4; lastKnownFileType = sourcecode.swift; path = "UITextField+Extension.swift"; sourceTree = "<group>"; };
		AF99105C98E070F5A2AB3295DDBB3B84 /* Pods_AIJian.framework */ = {isa = PBXFileReference; explicitFileType = wrapper.framework; includeInIndex = 0; path = Pods_AIJian.framework; sourceTree = BUILT_PRODUCTS_DIR; };
		AFAB4AF4474CEF20E35E879F280D6EE7 /* nationComponent.swift */ = {isa = PBXFileReference; lastKnownFileType = sourcecode.swift; path = nationComponent.swift; sourceTree = "<group>"; };
		B0B9B3028D87CFA7B2325B82FADAD9A7 /* DataTableViewOfHeader.swift */ = {isa = PBXFileReference; lastKnownFileType = sourcecode.swift; path = DataTableViewOfHeader.swift; sourceTree = "<group>"; };
		B67C5D050C5D9478AF306B5A049428F1 /* portionAndInsulinView.swift */ = {isa = PBXFileReference; fileEncoding = 4; lastKnownFileType = sourcecode.swift; path = portionAndInsulinView.swift; sourceTree = "<group>"; };
		B7C52F310EC78F0CAFCE223C140C228D /* UnitConversion.swift */ = {isa = PBXFileReference; lastKnownFileType = sourcecode.swift; path = UnitConversion.swift; sourceTree = "<group>"; };
		B9FC2F51C9CAE9D3C768C8D06AE069A2 /* const.swift */ = {isa = PBXFileReference; lastKnownFileType = sourcecode.swift; path = const.swift; sourceTree = "<group>"; };
		BB32CBB039E1CB1B7CFC343ECDA5FC66 /* OtherInsulinTableView.swift */ = {isa = PBXFileReference; lastKnownFileType = sourcecode.swift; path = OtherInsulinTableView.swift; sourceTree = "<group>"; };
		BBB534F9B228926CFEFE19414443BC11 /* PopTextView.swift */ = {isa = PBXFileReference; fileEncoding = 4; lastKnownFileType = sourcecode.swift; path = PopTextView.swift; sourceTree = "<group>"; };
		BD0D1AC2632CAB8219D398832954F62F /* ChartDrawFunc.swift */ = {isa = PBXFileReference; lastKnownFileType = sourcecode.swift; path = ChartDrawFunc.swift; sourceTree = "<group>"; };
		BD1FFFCEAEB20DEFEC8716743912DE93 /* pickerView.swift */ = {isa = PBXFileReference; lastKnownFileType = sourcecode.swift; path = pickerView.swift; sourceTree = "<group>"; };
		BD500821F545519203F5A1882AD77ED1 /* CurrentVersion.swift */ = {isa = PBXFileReference; lastKnownFileType = sourcecode.swift; path = CurrentVersion.swift; sourceTree = "<group>"; };
		BE5DB8024A9CEB37E93599A5AA8FB6AB /* emailCheckViewController.swift */ = {isa = PBXFileReference; lastKnownFileType = sourcecode.swift; path = emailCheckViewController.swift; sourceTree = "<group>"; };
		C21A6D55DCBB198190A95457237730BD /* HomeViewController.swift */ = {isa = PBXFileReference; lastKnownFileType = sourcecode.swift; path = HomeViewController.swift; sourceTree = "<group>"; };
		CA2549D6C67890470A3C4246AC4EF841 /* AJTabbarController.swift */ = {isa = PBXFileReference; lastKnownFileType = sourcecode.swift; path = AJTabbarController.swift; sourceTree = "<group>"; };
		CC1045C7B12598B6BDF9051A059F6A49 /* perAndAfterMealTests.swift */ = {isa = PBXFileReference; lastKnownFileType = sourcecode.swift; path = perAndAfterMealTests.swift; sourceTree = "<group>"; };
		CE3143243F11C6CB31301BDE5B0B1EAC /* StatisticDate.swift */ = {isa = PBXFileReference; lastKnownFileType = sourcecode.swift; path = StatisticDate.swift; sourceTree = "<group>"; };
		D1B29EA5E3861CBD4A8333DE8EB3A45A /* CountryEn.plist */ = {isa = PBXFileReference; fileEncoding = 4; lastKnownFileType = text.plist.xml; path = CountryEn.plist; sourceTree = "<group>"; };
		D547385BBF4921804514C136B71543B8 /* remarkView.swift */ = {isa = PBXFileReference; fileEncoding = 4; lastKnownFileType = sourcecode.swift; path = remarkView.swift; sourceTree = "<group>"; };
		D5D1EDA5EE3FFF2A769760777FC8415E /* Base */ = {isa = PBXFileReference; lastKnownFileType = file.storyboard; name = Base; path = Base.lproj/Main.storyboard; sourceTree = "<group>"; };
		D6F050A7AE8A1301E444704F3A331088 /* BasalInsulinTableView.swift */ = {isa = PBXFileReference; lastKnownFileType = sourcecode.swift; path = BasalInsulinTableView.swift; sourceTree = "<group>"; };
		DCA464EB54C14F9628836CB6E349E42D /* registerView.swift */ = {isa = PBXFileReference; lastKnownFileType = sourcecode.swift; path = registerView.swift; sourceTree = "<group>"; };
		DE608F63498A45B84C3679D6251C8601 /* BHJPickerView.swift */ = {isa = PBXFileReference; lastKnownFileType = sourcecode.swift; path = BHJPickerView.swift; sourceTree = "<group>"; };
		E052E7AE76BD935D91BC473CA6AE9623 /* AJNavigationController.swift */ = {isa = PBXFileReference; lastKnownFileType = sourcecode.swift; path = AJNavigationController.swift; sourceTree = "<group>"; };
		E2F07FB865C1B45AC2F704BE6D7A4BF4 /* viewToImage.swift */ = {isa = PBXFileReference; lastKnownFileType = sourcecode.swift; path = viewToImage.swift; sourceTree = "<group>"; };
		E3B0669AC5418D0BA85C5EB3AE10DDD7 /* EvenChange.swift */ = {isa = PBXFileReference; lastKnownFileType = sourcecode.swift; path = EvenChange.swift; sourceTree = "<group>"; };
		E59A10BC763D4D5E27D2541D481F5390 /* GetSortedData.swift */ = {isa = PBXFileReference; lastKnownFileType = sourcecode.swift; path = GetSortedData.swift; sourceTree = "<group>"; };
		E731F2F93D9C7386E8E695DA24772AFA /* VersionUViewController.swift */ = {isa = PBXFileReference; lastKnownFileType = sourcecode.swift; path = VersionUViewController.swift; sourceTree = "<group>"; };
		E7D6B7CCDE92018CDCC88D28D843A752 /* AJGuidePageView.swift */ = {isa = PBXFileReference; fileEncoding = 4; lastKnownFileType = sourcecode.swift; path = AJGuidePageView.swift; sourceTree = "<group>"; };
		E92B055FDB94E9B3CE4F1214F3F6A1DC /* ChartView.swift */ = {isa = PBXFileReference; lastKnownFileType = sourcecode.swift; path = ChartView.swift; sourceTree = "<group>"; };
		E99EF319B2FAC2A3CB837B6E08BAC6D7 /* InfoViewController.swift */ = {isa = PBXFileReference; lastKnownFileType = sourcecode.swift; path = InfoViewController.swift; sourceTree = "<group>"; };
		EA336323AF93C849D90681604D2147DF /* UIButton+Extension.swift */ = {isa = PBXFileReference; fileEncoding = 4; lastKnownFileType = sourcecode.swift; path = "UIButton+Extension.swift"; sourceTree = "<group>"; };
		F0BB31FFA0EA717578FBF645BF4D701F /* UIAlertViewController_Extension.swift */ = {isa = PBXFileReference; fileEncoding = 4; lastKnownFileType = sourcecode.swift; path = UIAlertViewController_Extension.swift; sourceTree = "<group>"; };
		F3E6BF264A7759F39EE60E2FC55F2DB6 /* averageView.swift */ = {isa = PBXFileReference; lastKnownFileType = sourcecode.swift; path = averageView.swift; sourceTree = "<group>"; };
		F3EA8AF88908000078EAC3AC949A8176 /* BLEViewController.swift */ = {isa = PBXFileReference; lastKnownFileType = sourcecode.swift; path = BLEViewController.swift; sourceTree = "<group>"; };
		F42164E20D884983B9B2042EA7CE3CFA /* AIJian.app */ = {isa = PBXFileReference; explicitFileType = wrapper.application; includeInIndex = 0; path = AIJian.app; sourceTree = BUILT_PRODUCTS_DIR; };
		F7152151493753A2D1A697BD37767901 /* DataViewController.swift */ = {isa = PBXFileReference; lastKnownFileType = sourcecode.swift; path = DataViewController.swift; sourceTree = "<group>"; };
		F87C7D3F47A2F01DF9F52E6E047E342A /* CRC16.swift */ = {isa = PBXFileReference; fileEncoding = 4; lastKnownFileType = sourcecode.swift; path = CRC16.swift; sourceTree = "<group>"; };
		F8A34F9A4CB476E221493BFF4FA2AA03 /* UIImageView+Extension.swift */ = {isa = PBXFileReference; fileEncoding = 4; lastKnownFileType = sourcecode.swift; path = "UIImageView+Extension.swift"; sourceTree = "<group>"; };
		FC89C668BD48D245D25CED60FBDF41B4 /* Pods-AIJian.release.xcconfig */ = {isa = PBXFileReference; includeInIndex = 1; lastKnownFileType = text.xcconfig; name = "Pods-AIJian.release.xcconfig"; path = "Target Support Files/Pods-AIJian/Pods-AIJian.release.xcconfig"; sourceTree = "<group>"; };
		FCC3095E4A77F8F520BF6370290A26F4 /* ProtocolView.swift */ = {isa = PBXFileReference; lastKnownFileType = sourcecode.swift; path = ProtocolView.swift; sourceTree = "<group>"; };
		FCE379B051D4A0168749A671811BD868 /* InsulinViewController.swift */ = {isa = PBXFileReference; lastKnownFileType = sourcecode.swift; path = InsulinViewController.swift; sourceTree = "<group>"; };
/* End PBXFileReference section */

/* Begin PBXFrameworksBuildPhase section */
		D45CA023695AFD37394BC228AEBC71EE /* Frameworks */ = {
			isa = PBXFrameworksBuildPhase;
			buildActionMask = 2147483647;
			files = (
				36ED57EDEB1BEDFCEC1376EA7C0663EA /* Pods_AIJian.framework in Frameworks */,
			);
			runOnlyForDeploymentPostprocessing = 0;
		};
/* End PBXFrameworksBuildPhase section */

/* Begin PBXGroup section */
		03703B9D5A4517C1D27073C4C4F20A55 /* Storage */ = {
			isa = PBXGroup;
			children = (
				D1B29EA5E3861CBD4A8333DE8EB3A45A /* CountryEn.plist */,
				961092F618DFD3A23C3E2C9E1F14FB00 /* GlobalValue.plist */,
				60235DEE16226B1877D4F759DD359050 /* Insulin.plist */,
				946C4B448C4368010D25171286A04DC5 /* UnitSetting.plist */,
				A5A1585583F171AC210D37D0F2F28C6E /* User.plist */,
				367F547FD8A2D05AB23C071F7752C480 /* defaultBloodSetting.plist */,
				327249D87EBD50F9CA3CF88F34F49D5F /* inputChoose.plist */,
				7BD87968C7A6DBA89B736444D0C1C80C /* userBloodSetting.plist */,
			);
			path = Storage;
			sourceTree = "<group>";
		};
		206ED36DDB2B08FEBFF69272A4801034 /* AIJian */ = {
			isa = PBXGroup;
			children = (
				844B3F33236837C20025DD67 /* AIJian.entitlements */,
				5DB6D41E1DBD4DEE62BD6AEFE4B29F64 /* Localization */,
				A0041A48F7A8684991B518C9F2827DCB /* LoginAndRegister */,
				6B4C41AA49F4BA8383C452B7BC7DE4A4 /* Main */,
				CBA0E3058B80836A656EDC0DE36C4A89 /* Networking */,
				03703B9D5A4517C1D27073C4C4F20A55 /* Storage */,
				F9662D194C68061F859B49F34545F0DF /* Tools */,
				740973640689B3902B55C2DE31E7B66A /* extension */,
				428DE12BF8AED7060D2DACBB1BDB9E15 /* AppDelegate.swift */,
				A9B6DD9553609694BAC126BBFA65648A /* Assets.xcassets */,
				5EAFAE8757FDB6305DED9249DB2CB82F /* Info.plist */,
				120A6F84CA97F8EC5CA77C3F92CE89BB /* LaunchScreen.storyboard */,
				F0FB85FAAFC7E1C40AEA46B8FF81D184 /* Main.storyboard */,
				2493D86F57E107E55042AE03E1128300 /* ViewController.swift */,
				B9FC2F51C9CAE9D3C768C8D06AE069A2 /* const.swift */,
			);
			path = AIJian;
			sourceTree = "<group>";
		};
		22740372806BDCD3339D8F541A9E5452 /* PasswordForget */ = {
			isa = PBXGroup;
			children = (
				47DC8F6CE4A54E2D70DC37A7931E98A7 /* emailCheckSecViewController.swift */,
				BE5DB8024A9CEB37E93599A5AA8FB6AB /* emailCheckViewController.swift */,
			);
			path = PasswordForget;
			sourceTree = "<group>";
		};
		236E0B3AD0DA1BA6529A73017BCC78D3 /* ViewController */ = {
			isa = PBXGroup;
			children = (
				1DE1DA0B6A37D1A87017D70069003005 /* ChartViewController.swift */,
				2B20E6C74C7069BCCED010C7F429CCBA /* DataTableViewController.swift */,
				F7152151493753A2D1A697BD37767901 /* DataViewController.swift */,
				31B95A250C5649E01E8B1CE6F8AD5E85 /* SharedViewController.swift */,
				64A06ADE609E5D44A46272347EF3A865 /* StatisticalDataViewController.swift */,
			);
			path = ViewController;
			sourceTree = "<group>";
		};
		35ABAFB24D0CDA7377A5EE85DD6D4AB5 /* Model */ = {
			isa = PBXGroup;
			children = (
				3100BA3D03C73A4C3825AD32D66C7DEF /* User.swift */,
			);
			path = Model;
			sourceTree = "<group>";
		};
		39BC8768ADA5C752F83B10EDC1950A8C /* Frameworks */ = {
			isa = PBXGroup;
			children = (
				AF99105C98E070F5A2AB3295DDBB3B84 /* Pods_AIJian.framework */,
			);
			name = Frameworks;
			sourceTree = "<group>";
		};
		4A4A672C63D3ED7DB9AAFAA4B92D8AE4 /* ViewController */ = {
			isa = PBXGroup;
			children = (
				22740372806BDCD3339D8F541A9E5452 /* PasswordForget */,
				51A4AB5146062B7E8D176F573015F12F /* login */,
				96BE415FB62C56C0C6E62B9A4DB5DDA7 /* register */,
				90EF30771C7DE6130CC2BFE03540285D /* loginNavigationController.swift */,
			);
			path = ViewController;
			sourceTree = "<group>";
		};
		4E914B8A4CD914FA0123EB7302EBAFC4 /* View */ = {
			isa = PBXGroup;
			children = (
				3B122EE08303781538E0581FB9B0AF84 /* AJMineHeaderView.swift */,
				A753E7B0055447EE4F602E4DC552B128 /* AJMineTableView.swift */,
				DE608F63498A45B84C3679D6251C8601 /* BHJPickerView.swift */,
				045FCCE2115285505EA4034A4B5AD8DF /* HZtextview.swift */,
				3ACDB27DDBFA6BA1FEA8A6864CE435C5 /* NSDate+Date.swift */,
				934C03A16BAD1A90B8D792A740D0BE1B /* PageView.swift */,
				9D6CD8071B1953BFC8FC49D0C07E5B17 /* QuitCellView.swift */,
				AFAB4AF4474CEF20E35E879F280D6EE7 /* nationComponent.swift */,
				8FB165FA9B5B4F5C13436FA707111C57 /* sugComponent.swift */,
			);
			path = View;
			sourceTree = "<group>";
		};
		51A4AB5146062B7E8D176F573015F12F /* login */ = {
			isa = PBXGroup;
			children = (
				88B84B902E4E28BB9EBAC8F34677E2D8 /* loginViewController.swift */,
			);
			path = login;
			sourceTree = "<group>";
		};
		56A565DBB68FBE3A83FEB6190FD84557 /* Model */ = {
			isa = PBXGroup;
			children = (
				22B094C4B18BB5F0C34595C39C01AC2B /* userModel.swift */,
			);
			path = Model;
			sourceTree = "<group>";
		};
		5DB6D41E1DBD4DEE62BD6AEFE4B29F64 /* Localization */ = {
			isa = PBXGroup;
			children = (
				D0112232D48380E271D8987FB869BBE8 /* Localization.strings */,
				66D0691B2A92F5426840985B16F5D286 /* LocalizationTool.swift */,
			);
			path = Localization;
			sourceTree = "<group>";
		};
		6811474B1C8CEE64DFFBDCF54158EE19 = {
			isa = PBXGroup;
			children = (
				206ED36DDB2B08FEBFF69272A4801034 /* AIJian */,
				39BC8768ADA5C752F83B10EDC1950A8C /* Frameworks */,
				E2486B2602D62625B45148CF6E6E1D6C /* Pods */,
				9981F23105401ED460A32BF2E0D28AA2 /* Products */,
			);
			sourceTree = "<group>";
		};
		6B4C41AA49F4BA8383C452B7BC7DE4A4 /* Main */ = {
			isa = PBXGroup;
			children = (
				7F3E4AF36AE71CE2C0BE21F361B1C643 /* Data */,
				E554E23308F50D4931C3D9EA56E57AB5 /* Home */,
				E88B2189A5F4F8A2475DB6E26F94B815 /* Insert */,
				9E6E46A5308CD8D2B975B3226B72682E /* Mine */,
				E7D6B7CCDE92018CDCC88D28D843A752 /* AJGuidePageView.swift */,
				E052E7AE76BD935D91BC473CA6AE9623 /* AJNavigationController.swift */,
				AE9D2F5F3748AFDB28A21FD34F1F2A2C /* AJStartView.swift */,
				CA2549D6C67890470A3C4246AC4EF841 /* AJTabbarController.swift */,
				A50E32E0C4224AB84E6F8B2316008860 /* DBSQLiteManager.swift */,
			);
			path = Main;
			sourceTree = "<group>";
		};
		720A6E8A39160E995E393EF618DDAA6D /* Insert */ = {
			isa = PBXGroup;
			children = (
				F87C7D3F47A2F01DF9F52E6E047E342A /* CRC16.swift */,
				185DDEA41DA7C96CD6E76086B42F7C86 /* EatNumChange.swift */,
				E3B0669AC5418D0BA85C5EB3AE10DDD7 /* EvenChange.swift */,
				0A8E8D0A6CA3F03313B4B856827E97DD /* IntensityChange.swift */,
			);
			path = Insert;
			sourceTree = "<group>";
		};
		740973640689B3902B55C2DE31E7B66A /* extension */ = {
			isa = PBXGroup;
			children = (
				47EC5BD8176D116187C1289A2D7921FC /* String+extension.swift */,
				F0BB31FFA0EA717578FBF645BF4D701F /* UIAlertViewController_Extension.swift */,
				EA336323AF93C849D90681604D2147DF /* UIButton+Extension.swift */,
				F8A34F9A4CB476E221493BFF4FA2AA03 /* UIImageView+Extension.swift */,
				5CDBFD961B14C40710FE24938097E7B6 /* UILabel+Extension.swift */,
				AEB5C68EDC76F69EA0E7DCD122ED6AB4 /* UITextField+Extension.swift */,
			);
			path = extension;
			sourceTree = "<group>";
		};
		7BCC525D38304927729F18819CF5228B /* ViewController */ = {
			isa = PBXGroup;
			children = (
				281577697E4B5C8A234B003E370ABACA /* AboutUsViewController.swift */,
				9CCA193DA6A5E1E858111B284800163C /* BloodSetViewController.swift */,
				069125044C84D4B9A10D2EFF9A2057BB /* BrithdayViewController.swift */,
				BD500821F545519203F5A1882AD77ED1 /* CurrentVersion.swift */,
				E99EF319B2FAC2A3CB837B6E08BAC6D7 /* InfoViewController.swift */,
				531A0A352EC54333AE6CC2C50FF28F11 /* MineViewController.swift */,
				9793C8E8D4581432CB83EE79CF209C56 /* PassChangeViewController.swift */,
				8A18E98B74565B5E695548D96DE09E13 /* SuggestionViewController.swift */,
				802706582BF2DD3F2F165BE6CC4B129F /* UnitViewController.swift */,
				67085F8C516527849C0A634158BE78B7 /* UseDirViewController.swift */,
				E731F2F93D9C7386E8E695DA24772AFA /* VersionUViewController.swift */,
			);
			path = ViewController;
			sourceTree = "<group>";
		};
		7F3E4AF36AE71CE2C0BE21F361B1C643 /* Data */ = {
			isa = PBXGroup;
			children = (
				B18AB19D4183AD3F79668179DF40CE13 /* Model */,
				81A802B176C93A8A28FA3EE7E764E4B0 /* View */,
				236E0B3AD0DA1BA6529A73017BCC78D3 /* ViewController */,
			);
			path = Data;
			sourceTree = "<group>";
		};
		81A802B176C93A8A28FA3EE7E764E4B0 /* View */ = {
			isa = PBXGroup;
			children = (
				C5E814D3921484087E76F8B2413E7574 /* Charts */,
				A2CA560C095EFAE1DE17B1DEA55982E1 /* StatisticalData */,
				F4142DACEC1E4D9E986DAE7429DBC551 /* Table */,
				DA9DDFF82A13C9CEB810ECFFEC64BD5E /* share */,
				5DE202E3593E8C04C492C3EE879A1902 /* customRangeView.swift */,
				3DD4A500110CCA25E61A95066330D220 /* dateRangePickerView.swift */,
			);
			path = View;
			sourceTree = "<group>";
		};
		8AAD81B15BC82054ED7CDA072058E5FC /* Register */ = {
			isa = PBXGroup;
			children = (
				147304D84A9DE6863D9AB1D97597C6C9 /* InfoInputView.swift */,
				6469267F98B5A5BF4D42AFD9B360DF70 /* PopSmallChangeBigFatherView.swift */,
				BBB534F9B228926CFEFE19414443BC11 /* PopTextView.swift */,
				FCC3095E4A77F8F520BF6370290A26F4 /* ProtocolView.swift */,
				DCA464EB54C14F9628836CB6E349E42D /* registerView.swift */,
			);
			path = Register;
			sourceTree = "<group>";
		};
		96BE415FB62C56C0C6E62B9A4DB5DDA7 /* register */ = {
			isa = PBXGroup;
			children = (
				27281F49EAF3824C93F33643E3F92985 /* infoInputViewController.swift */,
				8FE3B6FB424C620A1C8224C3669D485D /* registerViewController.swift */,
			);
			path = register;
			sourceTree = "<group>";
		};
		9981F23105401ED460A32BF2E0D28AA2 /* Products */ = {
			isa = PBXGroup;
			children = (
				F42164E20D884983B9B2042EA7CE3CFA /* AIJian.app */,
			);
			name = Products;
			sourceTree = "<group>";
		};
		9B7B10DFA2A75F26EFD87D6952B8C5E0 /* Model */ = {
			isa = PBXGroup;
			children = (
			);
			path = Model;
			sourceTree = "<group>";
		};
		9E6E46A5308CD8D2B975B3226B72682E /* Mine */ = {
			isa = PBXGroup;
			children = (
				56A565DBB68FBE3A83FEB6190FD84557 /* Model */,
				4E914B8A4CD914FA0123EB7302EBAFC4 /* View */,
				7BCC525D38304927729F18819CF5228B /* ViewController */,
			);
			path = Mine;
			sourceTree = "<group>";
		};
		A0041A48F7A8684991B518C9F2827DCB /* LoginAndRegister */ = {
			isa = PBXGroup;
			children = (
				35ABAFB24D0CDA7377A5EE85DD6D4AB5 /* Model */,
				C8EB5EEE0CA451B7C8EE7AC7AA694EF0 /* View */,
				4A4A672C63D3ED7DB9AAFAA4B92D8AE4 /* ViewController */,
			);
			path = LoginAndRegister;
			sourceTree = "<group>";
		};
		A1451F5B8D8FB651DD2666D2403842D5 /* Model */ = {
			isa = PBXGroup;
			children = (
			);
			path = Model;
			sourceTree = "<group>";
		};
		A2CA560C095EFAE1DE17B1DEA55982E1 /* StatisticalData */ = {
			isa = PBXGroup;
			children = (
				F3E6BF264A7759F39EE60E2FC55F2DB6 /* averageView.swift */,
				CC1045C7B12598B6BDF9051A059F6A49 /* perAndAfterMealTests.swift */,
				6944C88A1CC67791001D6E2AB70AF8DE /* totalCheckView.swift */,
			);
			path = StatisticalData;
			sourceTree = "<group>";
		};
		A5DD3FE1F7573AE037CCC4AFDD18B7E6 /* View */ = {
			isa = PBXGroup;
			children = (
				9401A41A7EAE912E80D8ED43EB312202 /* LastResultTableViewCell.swift */,
				7C340848915D471758C27C46FC15E8A6 /* getDataInHome.swift */,
				0AE9E229BA78C6BCCE60166625ACCCC4 /* glucoseRecentView.swift */,
				8DF195A74D0097D3A2F613C3949D8455 /* recentTableViewCell.swift */,
				299B8A71C73EA6E88B488D991BF75352 /* recentTrendView.swift */,
			);
			path = View;
			sourceTree = "<group>";
		};
		A812E9EFA8B37373CD2D05DBB08FDB65 /* ViewController */ = {
			isa = PBXGroup;
			children = (
				A32EB0E8DBAE9B6ABD130E92D422FA94 /* BLEViewController 2.swift */,
				F3EA8AF88908000078EAC3AC949A8176 /* BLEViewController.swift */,
				13E708809ACCA305E2B4107ADF6D21D4 /* InsertViewController.swift */,
				FCE379B051D4A0168749A671811BD868 /* InsulinViewController.swift */,
				12334E6F67A1C77D5D81A3AA8A2BEB74 /* alertViewController.swift */,
				3764C38A18B23A2FFB100BF679825865 /* gluViewController.swift */,
			);
			path = ViewController;
			sourceTree = "<group>";
		};
		B18AB19D4183AD3F79668179DF40CE13 /* Model */ = {
			isa = PBXGroup;
			children = (
				CE3143243F11C6CB31301BDE5B0B1EAC /* StatisticDate.swift */,
			);
			path = Model;
			sourceTree = "<group>";
		};
		BF80F129B376C63F914BDB119ECD0789 /* TableViewForInsulin */ = {
			isa = PBXGroup;
			children = (
				D6F050A7AE8A1301E444704F3A331088 /* BasalInsulinTableView.swift */,
				A9898FA10A2CB87AAD7AD91B22FF72ED /* BolusInsulinTableView.swift */,
				8AB8DBFCEA7297369A51108D4F1C5D91 /* InsulinType.swift */,
				BB32CBB039E1CB1B7CFC343ECDA5FC66 /* OtherInsulinTableView.swift */,
			);
			path = TableViewForInsulin;
			sourceTree = "<group>";
		};
		C5E814D3921484087E76F8B2413E7574 /* Charts */ = {
			isa = PBXGroup;
			children = (
				BD0D1AC2632CAB8219D398832954F62F /* ChartDrawFunc.swift */,
				4A9EECDFBBCC15B19BB9A7310C3C5FC1 /* ChartHeaderView.swift */,
				E92B055FDB94E9B3CE4F1214F3F6A1DC /* ChartView.swift */,
				6466430F2C5AE99EEF606768B0B4A23D /* StaticView.swift */,
				0C037DF823B6F425FC3F63663F2201B7 /* valueFormatter.swift */,
			);
			path = Charts;
			sourceTree = "<group>";
		};
		C8EB5EEE0CA451B7C8EE7AC7AA694EF0 /* View */ = {
			isa = PBXGroup;
			children = (
				CE3F21C6A75AE96C89DE298215CC294A /* PasswordForget */,
				8AAD81B15BC82054ED7CDA072058E5FC /* Register */,
				CF9E64FDD4DB752DF901CA7D253C8E66 /* login */,
			);
			path = View;
			sourceTree = "<group>";
		};
		CBA0E3058B80836A656EDC0DE36C4A89 /* Networking */ = {
			isa = PBXGroup;
			children = (
				A8C3FB678C55445CDE289E6C4AF9E0F1 /* Eventhing_response.swift */,
				6B3F1C67C1613AC9C10DED88BFBF2E7D /* URL_Address.swift */,
			);
			path = Networking;
			sourceTree = "<group>";
		};
		CE3F21C6A75AE96C89DE298215CC294A /* PasswordForget */ = {
			isa = PBXGroup;
			children = (
				79F6BFF01153E17E98228FE2B6DE05A3 /* emailCheckSecondView.swift */,
				9194DA23A92362E3AC5BCFD8094F8DBC /* emailCheckView.swift */,
			);
			path = PasswordForget;
			sourceTree = "<group>";
		};
		CF9E64FDD4DB752DF901CA7D253C8E66 /* login */ = {
			isa = PBXGroup;
			children = (
				A0CD12C84AD248DAFB41C4466E30E5F0 /* loginView.swift */,
			);
			path = login;
			sourceTree = "<group>";
		};
		DA9DDFF82A13C9CEB810ECFFEC64BD5E /* share */ = {
			isa = PBXGroup;
			children = (
				23C00E21044909597018A27EA6A8731C /* GeneralStatusView.swift */,
				499D392FCC415844B1B79CE51C4D09C5 /* SharedStaticView.swift */,
				0557E67341EF86431E047CAF50A62A92 /* SharedView.swift */,
				BD1FFFCEAEB20DEFEC8716743912DE93 /* pickerView.swift */,
			);
			path = share;
			sourceTree = "<group>";
		};
		E2486B2602D62625B45148CF6E6E1D6C /* Pods */ = {
			isa = PBXGroup;
			children = (
				509CA4053D288A4E56C778E86FBE7CFD /* Pods-AIJian.debug.xcconfig */,
				FC89C668BD48D245D25CED60FBDF41B4 /* Pods-AIJian.release.xcconfig */,
			);
			path = Pods;
			sourceTree = "<group>";
		};
		E29E548AEAE843EFDF12DD2003871B64 /* View */ = {
			isa = PBXGroup;
			children = (
				BF80F129B376C63F914BDB119ECD0789 /* TableViewForInsulin */,
				66F58ECE090CC8932E95E703B01B4E2B /* InputView.swift */,
				7A16F36F9537243E6B7560D1B9FF77A0 /* allPickerView.swift */,
				41BAE5242D4EA9B456D06DAC9947B1AB /* bodyInfoView.swift */,
				760452171F68DFBAE73622584ED2C38F /* dateAndTimeView.swift */,
				9CC343A4BFCBECD9056D60A82B6F7115 /* glucoseView.swift */,
				B67C5D050C5D9478AF306B5A049428F1 /* portionAndInsulinView.swift */,
				D547385BBF4921804514C136B71543B8 /* remarkView.swift */,
				5B6A065DC6BD73C9F1E61047A599D813 /* sliderView.swift */,
				7913A53032178A4B8556F90346B73A35 /* sportView.swift */,
			);
			path = View;
			sourceTree = "<group>";
		};
		E554E23308F50D4931C3D9EA56E57AB5 /* Home */ = {
			isa = PBXGroup;
			children = (
				A1451F5B8D8FB651DD2666D2403842D5 /* Model */,
				A5DD3FE1F7573AE037CCC4AFDD18B7E6 /* View */,
				E9892B0C45EAF0F7B24B9C721F7B3763 /* ViewController */,
			);
			path = Home;
			sourceTree = "<group>";
		};
		E88B2189A5F4F8A2475DB6E26F94B815 /* Insert */ = {
			isa = PBXGroup;
			children = (
				9B7B10DFA2A75F26EFD87D6952B8C5E0 /* Model */,
				E29E548AEAE843EFDF12DD2003871B64 /* View */,
				A812E9EFA8B37373CD2D05DBB08FDB65 /* ViewController */,
			);
			path = Insert;
			sourceTree = "<group>";
		};
		E9892B0C45EAF0F7B24B9C721F7B3763 /* ViewController */ = {
			isa = PBXGroup;
			children = (
				C21A6D55DCBB198190A95457237730BD /* HomeViewController.swift */,
			);
			path = ViewController;
			sourceTree = "<group>";
		};
		F4142DACEC1E4D9E986DAE7429DBC551 /* Table */ = {
			isa = PBXGroup;
			children = (
				B0B9B3028D87CFA7B2325B82FADAD9A7 /* DataTableViewOfHeader.swift */,
				271D9A9F1ADE04BDD9B630AC333B2CD8 /* dataTableViewCell.swift */,
				6614F4AA0A8E37F9E3E5385A5D65B09C /* tableViewCellCustomLabel.swift */,
			);
			name = Table;
			path = Table.temp_caseinsensitive_rename.;
			sourceTree = "<group>";
		};
		F92B89DE164C072C8920DF801E49872F /* Unit */ = {
			isa = PBXGroup;
			children = (
				7C3389A85E5BFB5D3E18B8DAA0516CC7 /* GetUnit.swift */,
				0DD60A3BECD368606104E505681C9CAD /* PressureUnitChange.swift */,
				B7C52F310EC78F0CAFCE223C140C228D /* UnitConversion.swift */,
				9333124ACDB51FBDDC929EEAD032D6D3 /* WeightUnitChange.swift */,
			);
			path = Unit;
			sourceTree = "<group>";
		};
		F9662D194C68061F859B49F34545F0DF /* Tools */ = {
			isa = PBXGroup;
			children = (
				720A6E8A39160E995E393EF618DDAA6D /* Insert */,
				F92B89DE164C072C8920DF801E49872F /* Unit */,
				77041D07788584DA608BC9657890705D /* CustomActivityIndicatorView.swift */,
				044715989F31C24AE1950899878B6046 /* CustomAlertController.swift */,
				114081AB7B0ED40CD96B4D28D031951A /* GetBloodLimit.swift */,
				E59A10BC763D4D5E27D2541D481F5390 /* GetSortedData.swift */,
				72C52548A79BC012285A79353950AF46 /* PlistSet.swift */,
				3B4F369C05939A511383BE4E6F782638 /* SetColorOfText.swift */,
				7E1F834BC1616B709547362ED7AE6678 /* TimerForLoad.swift */,
				44ECE95E879F310D822741002FFB8089 /* UpdateManager.swift */,
				0D612F090DA61DB57678E74F261C68D6 /* UserInfo.swift */,
				8AD251DA1D7683298B03830243680EC8 /* format_method.swift */,
				E2F07FB865C1B45AC2F704BE6D7A4BF4 /* viewToImage.swift */,
			);
			path = Tools;
			sourceTree = "<group>";
		};
/* End PBXGroup section */

/* Begin PBXNativeTarget section */
		2EB99137C04148D2934AF4128A650BDB /* AIJian */ = {
			isa = PBXNativeTarget;
			buildConfigurationList = 7D569BA149F82F2A1A46B23DE683CB4C /* Build configuration list for PBXNativeTarget "AIJian" */;
			buildPhases = (
				1D557BEC0EACDFBA3504F1D69991A97B /* [CP] Check Pods Manifest.lock */,
				D1F8D45C123950B1BB12DFA12E44E757 /* Sources */,
				D45CA023695AFD37394BC228AEBC71EE /* Frameworks */,
				352C304BD5A7FAD87BDA1ED9CCBB50BC /* Resources */,
				BDB8F4D8F8549B34AF47B6735EE8F5B6 /* [CP] Embed Pods Frameworks */,
			);
			buildRules = (
			);
			dependencies = (
			);
			name = AIJian;
			productName = AIJian;
			productReference = F42164E20D884983B9B2042EA7CE3CFA /* AIJian.app */;
			productType = "com.apple.product-type.application";
		};
/* End PBXNativeTarget section */

/* Begin PBXProject section */
		DE323FE523A0A4250AE0175F2CF3A572 /* Project object */ = {
			isa = PBXProject;
			attributes = {
				LastSwiftUpdateCheck = 1020;
				LastUpgradeCheck = 1020;
				ORGANIZATIONNAME = apple;
				TargetAttributes = {
					2EB99137C04148D2934AF4128A650BDB = {
						CreatedOnToolsVersion = 10.2.1;
						SystemCapabilities = {
							com.apple.NetworkExtensions.iOS = {
								enabled = 0;
							};
						};
					};
				};
			};
			buildConfigurationList = 86D6B13253A86DFBD22C12FF92260C0C /* Build configuration list for PBXProject "AIJian" */;
			compatibilityVersion = "Xcode 9.3";
			developmentRegion = en;
			hasScannedForEncodings = 0;
			knownRegions = (
				en,
				Base,
				"zh-Hans",
			);
			mainGroup = 6811474B1C8CEE64DFFBDCF54158EE19;
			productRefGroup = 9981F23105401ED460A32BF2E0D28AA2 /* Products */;
			projectDirPath = "";
			projectRoot = "";
			targets = (
				2EB99137C04148D2934AF4128A650BDB /* AIJian */,
			);
		};
/* End PBXProject section */

/* Begin PBXResourcesBuildPhase section */
		352C304BD5A7FAD87BDA1ED9CCBB50BC /* Resources */ = {
			isa = PBXResourcesBuildPhase;
			buildActionMask = 2147483647;
			files = (
				404DF41E22F23B418B99982210F28297 /* Assets.xcassets in Resources */,
				E479C902F6DEDF27CD6A2A4C47BC21D5 /* CountryEn.plist in Resources */,
				CE7A682B87979E6CD2FFAF3C097ED6F8 /* GlobalValue.plist in Resources */,
				152C4A08BC56AF93C71A63431BF14DC2 /* Insulin.plist in Resources */,
				2C9DC80088BFE63075C792E21BA74909 /* LaunchScreen.storyboard in Resources */,
				4C433DFBF324335CF5426A76C3A8C0E6 /* Localization.strings in Resources */,
				DAB75D62191E7B20DE8D9FC833830F2D /* Main.storyboard in Resources */,
				71937B70E5629695BD05C1C077D5607B /* UnitSetting.plist in Resources */,
				CDAE1F2D93FE04AAC0DB578104CB6109 /* User.plist in Resources */,
				0C071CF1378E0EEF78ED9B5D27C8C0BE /* defaultBloodSetting.plist in Resources */,
				DED73D531E1A93CEAA15FA41DA1EA16F /* inputChoose.plist in Resources */,
				C0B2EB14159CEE413014D980058B4127 /* userBloodSetting.plist in Resources */,
			);
			runOnlyForDeploymentPostprocessing = 0;
		};
/* End PBXResourcesBuildPhase section */

/* Begin PBXShellScriptBuildPhase section */
		1D557BEC0EACDFBA3504F1D69991A97B /* [CP] Check Pods Manifest.lock */ = {
			isa = PBXShellScriptBuildPhase;
			buildActionMask = 2147483647;
			files = (
			);
			inputFileListPaths = (
			);
			inputPaths = (
				"${PODS_PODFILE_DIR_PATH}/Podfile.lock",
				"${PODS_ROOT}/Manifest.lock",
			);
			name = "[CP] Check Pods Manifest.lock";
			outputFileListPaths = (
			);
			outputPaths = (
				"$(DERIVED_FILE_DIR)/Pods-AIJian-checkManifestLockResult.txt",
			);
			runOnlyForDeploymentPostprocessing = 0;
			shellPath = /bin/sh;
			shellScript = "diff \"${PODS_PODFILE_DIR_PATH}/Podfile.lock\" \"${PODS_ROOT}/Manifest.lock\" > /dev/null\nif [ $? != 0 ] ; then\n    # print error to STDERR\n    echo \"error: The sandbox is not in sync with the Podfile.lock. Run 'pod install' or update your CocoaPods installation.\" >&2\n    exit 1\nfi\n# This output is used by Xcode 'outputs' to avoid re-running this script phase.\necho \"SUCCESS\" > \"${SCRIPT_OUTPUT_FILE_0}\"\n";
			showEnvVarsInLog = 0;
		};
		BDB8F4D8F8549B34AF47B6735EE8F5B6 /* [CP] Embed Pods Frameworks */ = {
			isa = PBXShellScriptBuildPhase;
			buildActionMask = 2147483647;
			files = (
			);
			inputFileListPaths = (
				"${PODS_ROOT}/Target Support Files/Pods-AIJian/Pods-AIJian-frameworks-${CONFIGURATION}-input-files.xcfilelist",
			);
			name = "[CP] Embed Pods Frameworks";
			outputFileListPaths = (
				"${PODS_ROOT}/Target Support Files/Pods-AIJian/Pods-AIJian-frameworks-${CONFIGURATION}-output-files.xcfilelist",
			);
			runOnlyForDeploymentPostprocessing = 0;
			shellPath = /bin/sh;
			shellScript = "\"${PODS_ROOT}/Target Support Files/Pods-AIJian/Pods-AIJian-frameworks.sh\"\n";
			showEnvVarsInLog = 0;
		};
/* End PBXShellScriptBuildPhase section */

/* Begin PBXSourcesBuildPhase section */
		D1F8D45C123950B1BB12DFA12E44E757 /* Sources */ = {
			isa = PBXSourcesBuildPhase;
			buildActionMask = 2147483647;
			files = (
				003263799B683595EE9B154587776A9E /* AJGuidePageView.swift in Sources */,
				AE5F885CE9A2327A38A50458E467EBE8 /* AJMineHeaderView.swift in Sources */,
				53ECBF9769DA897ED2EE5CB10BE88D1E /* AJMineTableView.swift in Sources */,
				14A1F66FE36579BF1FEE9A0F20D616BE /* AJNavigationController.swift in Sources */,
				D73159906BF596032A3B3FB75BFF3023 /* AJStartView.swift in Sources */,
				F0CC7B621011F02A6C445F2D4CFD4002 /* AJTabbarController.swift in Sources */,
				AB27A7600A1A69D96B3C0BDEEBA411E6 /* AboutUsViewController.swift in Sources */,
				82229929AE907526C16AFB7C3B976565 /* AppDelegate.swift in Sources */,
				84847BC2FE082A7DD9416B04C6429EAB /* BHJPickerView.swift in Sources */,
				E85A9418E967599370BB20317758AB88 /* BLEViewController 2.swift in Sources */,
				BC83B1437A56BCF7C847128796026D49 /* BLEViewController.swift in Sources */,
				35F229CDB65C074B26E6675EAD66CE2B /* BasalInsulinTableView.swift in Sources */,
				85BF4AD1556507F03E9CF1AB13F34571 /* BloodSetViewController.swift in Sources */,
				A80635501A48A1CA762DE7BAA59B6CF6 /* BolusInsulinTableView.swift in Sources */,
				5152E1428C13A8DE4BF2E86A2D9C2248 /* BrithdayViewController.swift in Sources */,
				36BBFB3CF4326849B8182D7E23D1D1C8 /* CRC16.swift in Sources */,
				DC527C2AA2A4BA97B440B8CC67D870EE /* ChartDrawFunc.swift in Sources */,
				A4ED7886092801F8747BE1A2182D7314 /* ChartHeaderView.swift in Sources */,
				1DE16FE45BBA038D234EB138172EFDA9 /* ChartView.swift in Sources */,
				4EA8F5F3B9FD7A60E6A46D35F6C6792C /* ChartViewController.swift in Sources */,
				A51F9B8EA9488DBFC4F727ED5E91473F /* CurrentVersion.swift in Sources */,
				3ED6816474BEC77E2364F3D9F389E2CD /* CustomActivityIndicatorView.swift in Sources */,
				C2CBA0DB1212C80B70711093478F6D50 /* CustomAlertController.swift in Sources */,
				2303D6B254DB0D5874889FB3A5EFC415 /* DBSQLiteManager.swift in Sources */,
				8FA5DCA84D635AA4D80C1A78D6EF2D17 /* DataTableViewController.swift in Sources */,
				2B46BB0C392766DCEEA101E0BCF15CEB /* DataTableViewOfHeader.swift in Sources */,
				8D668ED7545FC182320465A8C9EB2052 /* DataViewController.swift in Sources */,
				15E8CC2CDBADD659EF7EC522415C62F9 /* EatNumChange.swift in Sources */,
				2299785A12290C71B5AE290D61F682D3 /* EvenChange.swift in Sources */,
				9A52EC121DB581CF229AB2E3F50BBAE6 /* Eventhing_response.swift in Sources */,
				3AA27EF7A0776B0646E3A87A334BEA4D /* GeneralStatusView.swift in Sources */,
				D3598BAB73CFEA38A43DA2264E156B52 /* GetBloodLimit.swift in Sources */,
				DE3CF4606A6A4080C7331A8EA9ABB889 /* GetSortedData.swift in Sources */,
				88B422202CF871BF6F10A6D4FD24F651 /* GetUnit.swift in Sources */,
				DAD1F3B648F0B2AE0DD72681269865A8 /* HZtextview.swift in Sources */,
				C701921CAA5E7D6176A633628D36FCD2 /* HomeViewController.swift in Sources */,
				D4FE5D1D7D0DE3136E04639AC72B702D /* InfoInputView.swift in Sources */,
				BA52FED03B80B15A0F3460206CDC2279 /* InfoViewController.swift in Sources */,
				A51D1EDF287FD5220248DC6C355A5AC8 /* InputView.swift in Sources */,
				F2A43A73565BB1CF045F3019A8AA1498 /* InsertViewController.swift in Sources */,
				09707B54A814D80AF262F18C171FC530 /* InsulinType.swift in Sources */,
				0C48522C9A98AE69C9E473FB8886F207 /* InsulinViewController.swift in Sources */,
				913C5A050E557527D087A3E79934646B /* IntensityChange.swift in Sources */,
				7A18ABD895A54152058EAE905EF289FD /* LastResultTableViewCell.swift in Sources */,
				A2362882D12624BFD10D37A285D02419 /* LocalizationTool.swift in Sources */,
				F440EC390F52F7014B638916C024A81A /* MineViewController.swift in Sources */,
				A87003F858AAC758556FC11B84E22CC6 /* NSDate+Date.swift in Sources */,
				E753DC7DBC086A2A30C6EC0830A63D95 /* OtherInsulinTableView.swift in Sources */,
				15D6FA7AF2ACEF4E3D398687FDBA3FB5 /* PageView.swift in Sources */,
				55EBF230C8DD14A232D18B95A37D8202 /* PassChangeViewController.swift in Sources */,
				B19FE207427413DEE020EE6B205B6B9D /* PlistSet.swift in Sources */,
				DC3A3CDFA48AB2EE1B39DF56A6012FEC /* PopSmallChangeBigFatherView.swift in Sources */,
				6A66C6C4FFB3E3C9BB5320EEB7E51473 /* PopTextView.swift in Sources */,
				CFBA26BE628FD16512A0D472E74AC909 /* PressureUnitChange.swift in Sources */,
				A1677E9613B4134B55F666BC94B7DE4F /* ProtocolView.swift in Sources */,
				C88FB686223BB5A94898D1B74AAF1FF6 /* QuitCellView.swift in Sources */,
				3A882D841BCD9D047B77B5EE61C0F09E /* SetColorOfText.swift in Sources */,
				6E35FD60C98CE0106FAB496C7D9A6831 /* SharedStaticView.swift in Sources */,
				4103417E5D61D24965902570B01CC19F /* SharedView.swift in Sources */,
				74BAA950DB2E4C75BE286CCA00B3A027 /* SharedViewController.swift in Sources */,
				F2C132B8DC75DCC95C950DC23D124584 /* StaticView.swift in Sources */,
				A489FE1D1E209499E7F9EA11DD91D8C1 /* StatisticDate.swift in Sources */,
				29C10571F503D7FCC9D1EFF3EEF54262 /* StatisticalDataViewController.swift in Sources */,
				743A3F6B430D84EA70AEC37B7E7C611D /* String+extension.swift in Sources */,
				D04F636417EB92069574FA06715E5F33 /* SuggestionViewController.swift in Sources */,
				45EF33331045E85A1E58AC44AA1029E4 /* TimerForLoad.swift in Sources */,
				C8C584C14E41F381E1E0B5BA0C387AE8 /* UIAlertViewController_Extension.swift in Sources */,
				9B3DAB77A3DC41F8FAC306F8E17CF1C1 /* UIButton+Extension.swift in Sources */,
				56ACC92032D24C9E3DE0AB02415266D6 /* UIImageView+Extension.swift in Sources */,
				C09A68B5ACCA1FF372DB3D8F6C23A872 /* UILabel+Extension.swift in Sources */,
				875E6FED57826107D84E47853B2A507F /* UITextField+Extension.swift in Sources */,
				F1647D90FE006C35DDD2C91362D4AE2F /* URL_Address.swift in Sources */,
				B15AA473274039A45723EF4FC67E8107 /* UnitConversion.swift in Sources */,
				3F209594276298C7CF2E79AB8D42762D /* UnitViewController.swift in Sources */,
				CD1234E30F7C4689A1783E8E01C09116 /* UpdateManager.swift in Sources */,
				7E55D14C065E24471D59E71862D56472 /* UseDirViewController.swift in Sources */,
				79EF3049BA2F75158E6183282C4F9EA9 /* User.swift in Sources */,
				FC5423243A15C385AA367ABAB67D6C09 /* UserInfo.swift in Sources */,
				F2E3E078A8AFB14D3459CFD205D09431 /* VersionUViewController.swift in Sources */,
				F0DAF1CF8A457C4B9BC70BD93C0596F3 /* ViewController.swift in Sources */,
				7CD890F46A335B97CB394B2E0F32CE7C /* WeightUnitChange.swift in Sources */,
				4BE0A50E8FBE3EE70181B9DBA9FE2930 /* alertViewController.swift in Sources */,
				3FF8ECC746A30B198DB68C15D5F5E15C /* allPickerView.swift in Sources */,
				B72572AB691BA264ED8800ADFB4F6B02 /* averageView.swift in Sources */,
				0E835E57A6F34BDC4B6AA25CB303D3B4 /* bodyInfoView.swift in Sources */,
				6ECA98075DA8031CC3E4FCCF8A969285 /* const.swift in Sources */,
				F0A6F0F1CF20A1EA46FA373138B695E8 /* customRangeView.swift in Sources */,
				0FCF3B6597088D36328606A7EE666F3D /* dataTableViewCell.swift in Sources */,
				8C12DF1C8D3786CE5E341EA9333B9A3B /* dateAndTimeView.swift in Sources */,
				01AD16706B471DE7CFDCBBC976B8EF66 /* dateRangePickerView.swift in Sources */,
				45803CE73725E712D36BEA50254D994A /* emailCheckSecViewController.swift in Sources */,
				957A7C093476F2DD3E1D27A459DA5B62 /* emailCheckSecondView.swift in Sources */,
				D140B268899B7C34FE91E8B62F5A2755 /* emailCheckView.swift in Sources */,
				78ACFA86EAB2AD613A75EC3FA86CC0D5 /* emailCheckViewController.swift in Sources */,
				2B176AC33E91C2CFDB77A8DC10A64B36 /* format_method.swift in Sources */,
				30E983804395F9F8A70B9E14F4E3D7DB /* getDataInHome.swift in Sources */,
				3ADD7EA7FBEA2802825A5D0C6978A31A /* gluViewController.swift in Sources */,
				18F0313CE9FBB4D24BE3EB41E867AE4B /* glucoseRecentView.swift in Sources */,
				12FD0BE7E50C8B635C32E575FFC6214F /* glucoseView.swift in Sources */,
				C8F5100D99CC101199D1703D63BC02A4 /* infoInputViewController.swift in Sources */,
				558080D97A62B5A3560E31B66D54F008 /* loginNavigationController.swift in Sources */,
				9C767C7693EECAAA36FB83D2D98D581F /* loginView.swift in Sources */,
				8C3C9D713203550D022030B6631833CA /* loginViewController.swift in Sources */,
				CD009E706F285C614991B94F619B5BC3 /* nationComponent.swift in Sources */,
				C45133C15650E0A758BE9274BD83AC47 /* perAndAfterMealTests.swift in Sources */,
				3196F5B95AA6AA6CBF111CFD2DE7E61B /* pickerView.swift in Sources */,
				AFB0A1406BF5F638E880614AD3D8E27A /* portionAndInsulinView.swift in Sources */,
				E984F8552E1FF381F5828A63501263CC /* recentTableViewCell.swift in Sources */,
				BC289F6EACFB2BCADEB1685DE0F10A6D /* recentTrendView.swift in Sources */,
				ECCDAB6AF9B53630AF5186D28430395B /* registerView.swift in Sources */,
				F3F89A590484E6CCFC145CCD7137B40A /* registerViewController.swift in Sources */,
				6909EE6FFC2BE982D2396BEDD6D91E75 /* remarkView.swift in Sources */,
				8B4B6B01DE7E3900356410968484C374 /* sliderView.swift in Sources */,
				D4479E94DAB95BEB3DED8B7DF7B6BB68 /* sportView.swift in Sources */,
				B43A43DAFE36319300153E43EA4E4E05 /* sugComponent.swift in Sources */,
				FCCEE755960724D4B2A42D7EAA32CBFA /* tableViewCellCustomLabel.swift in Sources */,
				E74705A4B4520AF2BB983AE3A49DEDCB /* totalCheckView.swift in Sources */,
				B83598611557B254549833AC919D9A79 /* userModel.swift in Sources */,
				F6F14613E32F06BD8AB1AD10CFAE5D1A /* valueFormatter.swift in Sources */,
				936A597C2AC4773B5A725A4B47936B31 /* viewToImage.swift in Sources */,
			);
			runOnlyForDeploymentPostprocessing = 0;
		};
/* End PBXSourcesBuildPhase section */

/* Begin PBXVariantGroup section */
		120A6F84CA97F8EC5CA77C3F92CE89BB /* LaunchScreen.storyboard */ = {
			isa = PBXVariantGroup;
			children = (
				0D1AD2E1A3464A9CE95EFDBA19470A40 /* Base */,
			);
			name = LaunchScreen.storyboard;
			sourceTree = "<group>";
		};
		D0112232D48380E271D8987FB869BBE8 /* Localization.strings */ = {
			isa = PBXVariantGroup;
			children = (
				6BDC9815FDD5FF4814AB913BE79B3939 /* en */,
				31AEF430201820312861BE1C5F10CF0B /* zh-Hans */,
			);
			name = Localization.strings;
			sourceTree = "<group>";
		};
		F0FB85FAAFC7E1C40AEA46B8FF81D184 /* Main.storyboard */ = {
			isa = PBXVariantGroup;
			children = (
				D5D1EDA5EE3FFF2A769760777FC8415E /* Base */,
			);
			name = Main.storyboard;
			sourceTree = "<group>";
		};
/* End PBXVariantGroup section */

/* Begin XCBuildConfiguration section */
		0A733C97969351D150AEBA38DFE16B06 /* Release */ = {
			isa = XCBuildConfiguration;
			buildSettings = {
				ALWAYS_SEARCH_USER_PATHS = NO;
				CLANG_ANALYZER_LOCALIZABILITY_NONLOCALIZED = YES;
				CLANG_ANALYZER_NONNULL = YES;
				CLANG_ANALYZER_NUMBER_OBJECT_CONVERSION = YES_AGGRESSIVE;
				CLANG_CXX_LANGUAGE_STANDARD = "gnu++14";
				CLANG_CXX_LIBRARY = "libc++";
				CLANG_ENABLE_MODULES = YES;
				CLANG_ENABLE_OBJC_ARC = YES;
				CLANG_ENABLE_OBJC_WEAK = YES;
				CLANG_WARN_BLOCK_CAPTURE_AUTORELEASING = YES;
				CLANG_WARN_BOOL_CONVERSION = YES;
				CLANG_WARN_COMMA = YES;
				CLANG_WARN_CONSTANT_CONVERSION = YES;
				CLANG_WARN_DEPRECATED_OBJC_IMPLEMENTATIONS = YES;
				CLANG_WARN_DIRECT_OBJC_ISA_USAGE = YES_ERROR;
				CLANG_WARN_DOCUMENTATION_COMMENTS = YES;
				CLANG_WARN_EMPTY_BODY = YES;
				CLANG_WARN_ENUM_CONVERSION = YES;
				CLANG_WARN_INFINITE_RECURSION = YES;
				CLANG_WARN_INT_CONVERSION = YES;
				CLANG_WARN_NON_LITERAL_NULL_CONVERSION = YES;
				CLANG_WARN_OBJC_IMPLICIT_RETAIN_SELF = YES;
				CLANG_WARN_OBJC_LITERAL_CONVERSION = YES;
				CLANG_WARN_OBJC_ROOT_CLASS = YES_ERROR;
				CLANG_WARN_RANGE_LOOP_ANALYSIS = YES;
				CLANG_WARN_STRICT_PROTOTYPES = YES;
				CLANG_WARN_SUSPICIOUS_MOVE = YES;
				CLANG_WARN_UNGUARDED_AVAILABILITY = YES_AGGRESSIVE;
				CLANG_WARN_UNREACHABLE_CODE = YES;
				CLANG_WARN__DUPLICATE_METHOD_MATCH = YES;
				CODE_SIGN_IDENTITY = "iPhone Developer";
				COPY_PHASE_STRIP = NO;
				DEBUG_INFORMATION_FORMAT = "dwarf-with-dsym";
				ENABLE_NS_ASSERTIONS = NO;
				ENABLE_STRICT_OBJC_MSGSEND = YES;
				GCC_C_LANGUAGE_STANDARD = gnu11;
				GCC_NO_COMMON_BLOCKS = YES;
				GCC_WARN_64_TO_32_BIT_CONVERSION = YES;
				GCC_WARN_ABOUT_RETURN_TYPE = YES_ERROR;
				GCC_WARN_UNDECLARED_SELECTOR = YES;
				GCC_WARN_UNINITIALIZED_AUTOS = YES_AGGRESSIVE;
				GCC_WARN_UNUSED_FUNCTION = YES;
				GCC_WARN_UNUSED_VARIABLE = YES;
				IPHONEOS_DEPLOYMENT_TARGET = 9.0;
				MTL_ENABLE_DEBUG_INFO = NO;
				MTL_FAST_MATH = YES;
				SDKROOT = iphoneos;
				SWIFT_COMPILATION_MODE = wholemodule;
				SWIFT_OPTIMIZATION_LEVEL = "-O";
				VALIDATE_PRODUCT = YES;
			};
			name = Release;
		};
		56C5B17709763117926E373D69702137 /* Debug */ = {
			isa = XCBuildConfiguration;
			buildSettings = {
				ALWAYS_SEARCH_USER_PATHS = NO;
				CLANG_ANALYZER_LOCALIZABILITY_NONLOCALIZED = YES;
				CLANG_ANALYZER_NONNULL = YES;
				CLANG_ANALYZER_NUMBER_OBJECT_CONVERSION = YES_AGGRESSIVE;
				CLANG_CXX_LANGUAGE_STANDARD = "gnu++14";
				CLANG_CXX_LIBRARY = "libc++";
				CLANG_ENABLE_MODULES = YES;
				CLANG_ENABLE_OBJC_ARC = YES;
				CLANG_ENABLE_OBJC_WEAK = YES;
				CLANG_WARN_BLOCK_CAPTURE_AUTORELEASING = YES;
				CLANG_WARN_BOOL_CONVERSION = YES;
				CLANG_WARN_COMMA = YES;
				CLANG_WARN_CONSTANT_CONVERSION = YES;
				CLANG_WARN_DEPRECATED_OBJC_IMPLEMENTATIONS = YES;
				CLANG_WARN_DIRECT_OBJC_ISA_USAGE = YES_ERROR;
				CLANG_WARN_DOCUMENTATION_COMMENTS = YES;
				CLANG_WARN_EMPTY_BODY = YES;
				CLANG_WARN_ENUM_CONVERSION = YES;
				CLANG_WARN_INFINITE_RECURSION = YES;
				CLANG_WARN_INT_CONVERSION = YES;
				CLANG_WARN_NON_LITERAL_NULL_CONVERSION = YES;
				CLANG_WARN_OBJC_IMPLICIT_RETAIN_SELF = YES;
				CLANG_WARN_OBJC_LITERAL_CONVERSION = YES;
				CLANG_WARN_OBJC_ROOT_CLASS = YES_ERROR;
				CLANG_WARN_RANGE_LOOP_ANALYSIS = YES;
				CLANG_WARN_STRICT_PROTOTYPES = YES;
				CLANG_WARN_SUSPICIOUS_MOVE = YES;
				CLANG_WARN_UNGUARDED_AVAILABILITY = YES_AGGRESSIVE;
				CLANG_WARN_UNREACHABLE_CODE = YES;
				CLANG_WARN__DUPLICATE_METHOD_MATCH = YES;
				CODE_SIGN_IDENTITY = "iPhone Developer";
				COPY_PHASE_STRIP = NO;
				DEBUG_INFORMATION_FORMAT = dwarf;
				ENABLE_STRICT_OBJC_MSGSEND = YES;
				ENABLE_TESTABILITY = YES;
				GCC_C_LANGUAGE_STANDARD = gnu11;
				GCC_DYNAMIC_NO_PIC = NO;
				GCC_NO_COMMON_BLOCKS = YES;
				GCC_OPTIMIZATION_LEVEL = 0;
				GCC_PREPROCESSOR_DEFINITIONS = (
					"DEBUG=1",
					"$(inherited)",
				);
				GCC_WARN_64_TO_32_BIT_CONVERSION = YES;
				GCC_WARN_ABOUT_RETURN_TYPE = YES_ERROR;
				GCC_WARN_UNDECLARED_SELECTOR = YES;
				GCC_WARN_UNINITIALIZED_AUTOS = YES_AGGRESSIVE;
				GCC_WARN_UNUSED_FUNCTION = YES;
				GCC_WARN_UNUSED_VARIABLE = YES;
				IPHONEOS_DEPLOYMENT_TARGET = 9.0;
				MTL_ENABLE_DEBUG_INFO = INCLUDE_SOURCE;
				MTL_FAST_MATH = YES;
				ONLY_ACTIVE_ARCH = YES;
				SDKROOT = iphoneos;
				SWIFT_ACTIVE_COMPILATION_CONDITIONS = DEBUG;
				SWIFT_OPTIMIZATION_LEVEL = "-Onone";
			};
			name = Debug;
		};
		7F53F875D0C90FC8294F7BB5937DF57B /* Release */ = {
			isa = XCBuildConfiguration;
			baseConfigurationReference = FC89C668BD48D245D25CED60FBDF41B4 /* Pods-AIJian.release.xcconfig */;
			buildSettings = {
				ASSETCATALOG_COMPILER_APPICON_NAME = AppIcon;
				ASSETCATALOG_COMPILER_LAUNCHIMAGE_NAME = LaunchImage;
				CODE_SIGN_IDENTITY = "iPhone Developer";
				CODE_SIGN_STYLE = Automatic;
				DEVELOPMENT_TEAM = 9QH38524SB;
				INFOPLIST_FILE = AIJian/Info.plist;
				IPHONEOS_DEPLOYMENT_TARGET = 9.0;
				LD_RUNPATH_SEARCH_PATHS = (
					"$(inherited)",
					"@executable_path/Frameworks",
				);
				PRODUCT_BUNDLE_IDENTIFIER = com.acon.glucose;
				PRODUCT_NAME = "$(TARGET_NAME)";
				SWIFT_VERSION = 4.2;
				TARGETED_DEVICE_FAMILY = 1;
			};
			name = Release;
		};
		FC7EEDAF3423F2134060A328CAEDA7F6 /* Debug */ = {
			isa = XCBuildConfiguration;
			baseConfigurationReference = 509CA4053D288A4E56C778E86FBE7CFD /* Pods-AIJian.debug.xcconfig */;
			buildSettings = {
				ASSETCATALOG_COMPILER_APPICON_NAME = AppIcon;
				ASSETCATALOG_COMPILER_LAUNCHIMAGE_NAME = LaunchImage;
				CODE_SIGN_IDENTITY = "iPhone Developer";
				CODE_SIGN_STYLE = Automatic;
				DEVELOPMENT_TEAM = 9QH38524SB;
				INFOPLIST_FILE = AIJian/Info.plist;
				IPHONEOS_DEPLOYMENT_TARGET = 9.0;
				LD_RUNPATH_SEARCH_PATHS = (
					"$(inherited)",
					"@executable_path/Frameworks",
				);
				PRODUCT_BUNDLE_IDENTIFIER = com.acon.glucose;
				PRODUCT_NAME = "$(TARGET_NAME)";
				SWIFT_VERSION = 4.2;
				TARGETED_DEVICE_FAMILY = 1;
			};
			name = Debug;
		};
/* End XCBuildConfiguration section */

/* Begin XCConfigurationList section */
		7D569BA149F82F2A1A46B23DE683CB4C /* Build configuration list for PBXNativeTarget "AIJian" */ = {
			isa = XCConfigurationList;
			buildConfigurations = (
				FC7EEDAF3423F2134060A328CAEDA7F6 /* Debug */,
				7F53F875D0C90FC8294F7BB5937DF57B /* Release */,
			);
			defaultConfigurationIsVisible = 0;
			defaultConfigurationName = Release;
		};
		86D6B13253A86DFBD22C12FF92260C0C /* Build configuration list for PBXProject "AIJian" */ = {
			isa = XCConfigurationList;
			buildConfigurations = (
				56C5B17709763117926E373D69702137 /* Debug */,
				0A733C97969351D150AEBA38DFE16B06 /* Release */,
			);
			defaultConfigurationIsVisible = 0;
			defaultConfigurationName = Release;
		};
/* End XCConfigurationList section */
	};
	rootObject = DE323FE523A0A4250AE0175F2CF3A572 /* Project object */;
}
